// !$*UTF8*$!
{
	archiveVersion = 1;
	classes = {
	};
	objectVersion = 56;
	objects = {

/* Begin PBXBuildFile section */
		041ABC042A174598001772F3 /* RxCocoa in Frameworks */ = {isa = PBXBuildFile; productRef = 041ABC032A174598001772F3 /* RxCocoa */; };
		041ABC062A174598001772F3 /* RxRelay in Frameworks */ = {isa = PBXBuildFile; productRef = 041ABC052A174598001772F3 /* RxRelay */; };
		041ABC082A174598001772F3 /* RxSwift in Frameworks */ = {isa = PBXBuildFile; productRef = 041ABC072A174598001772F3 /* RxSwift */; };
		041ABC0C2A175E19001772F3 /* ColorViewController.swift in Sources */ = {isa = PBXBuildFile; fileRef = 041ABC0B2A175E19001772F3 /* ColorViewController.swift */; };
		042EA8A92A14C7D500370706 /* AppDelegate.swift in Sources */ = {isa = PBXBuildFile; fileRef = 042EA8A82A14C7D500370706 /* AppDelegate.swift */; };
		042EA8AB2A14C7D500370706 /* SceneDelegate.swift in Sources */ = {isa = PBXBuildFile; fileRef = 042EA8AA2A14C7D500370706 /* SceneDelegate.swift */; };
		042EA8AD2A14C7D500370706 /* MainViewController.swift in Sources */ = {isa = PBXBuildFile; fileRef = 042EA8AC2A14C7D500370706 /* MainViewController.swift */; };
		042EA8B22A14C7D700370706 /* Assets.xcassets in Resources */ = {isa = PBXBuildFile; fileRef = 042EA8B12A14C7D700370706 /* Assets.xcassets */; };
		042EA8B52A14C7D700370706 /* LaunchScreen.storyboard in Resources */ = {isa = PBXBuildFile; fileRef = 042EA8B32A14C7D700370706 /* LaunchScreen.storyboard */; };
		042EA8C12A15AD5200370706 /* MainView.swift in Sources */ = {isa = PBXBuildFile; fileRef = 042EA8C02A15AD5200370706 /* MainView.swift */; };
		04AD45132A15EF4400093BEB /* TypographyViewController.swift in Sources */ = {isa = PBXBuildFile; fileRef = 04AD45122A15EF4400093BEB /* TypographyViewController.swift */; };
		04AD45152A15EF5900093BEB /* TypographyView.swift in Sources */ = {isa = PBXBuildFile; fileRef = 04AD45142A15EF5900093BEB /* TypographyView.swift */; };
		394FA4972BC539080026F117 /* TabBarComponentrViewController.swift in Sources */ = {isa = PBXBuildFile; fileRef = 394FA4962BC539080026F117 /* TabBarComponentrViewController.swift */; };
		396EF4BC2BD8F129006CEF43 /* CheckComponentViewController.swift in Sources */ = {isa = PBXBuildFile; fileRef = 396EF4BB2BD8F129006CEF43 /* CheckComponentViewController.swift */; };
		396EF4C02BDA04B8006CEF43 /* TextInputViewController.swift in Sources */ = {isa = PBXBuildFile; fileRef = 396EF4BF2BDA04B8006CEF43 /* TextInputViewController.swift */; };
		396EF4C22BDA04EE006CEF43 /* SearchInputViewController.swift in Sources */ = {isa = PBXBuildFile; fileRef = 396EF4C12BDA04EE006CEF43 /* SearchInputViewController.swift */; };
		4D1FA9292AFC778E00AA510F /* SwitchViewController.swift in Sources */ = {isa = PBXBuildFile; fileRef = 4D1FA9282AFC778E00AA510F /* SwitchViewController.swift */; };
		4D5326D52AB15FFF00A9509A /* ButtonViewController.swift in Sources */ = {isa = PBXBuildFile; fileRef = 4D5326D42AB15FFF00A9509A /* ButtonViewController.swift */; };
		4D58315E2B033EC4009F7B48 /* SliderBarViewController.swift in Sources */ = {isa = PBXBuildFile; fileRef = 4D58315D2B033EC4009F7B48 /* SliderBarViewController.swift */; };
		4D96495B2BDA227D00AC1BDE /* RxKeyboard in Frameworks */ = {isa = PBXBuildFile; productRef = 4D96495A2BDA227D00AC1BDE /* RxKeyboard */; };
		4DB2D6F42AFB281100DFF053 /* BottomSheetViewController.swift in Sources */ = {isa = PBXBuildFile; fileRef = 4DB2D6F32AFB281100DFF053 /* BottomSheetViewController.swift */; };
		5A090EA62B21962A009EEE0B /* TagViewController.swift in Sources */ = {isa = PBXBuildFile; fileRef = 5A090EA52B21962A009EEE0B /* TagViewController.swift */; };
		5A1E6B7D2AE68B270048D751 /* ChipViewController.swift in Sources */ = {isa = PBXBuildFile; fileRef = 5A1E6B7C2AE68B270048D751 /* ChipViewController.swift */; };
		E648FA9A2BB2C81E009F11F6 /* DealiDesignKit in Frameworks */ = {isa = PBXBuildFile; productRef = E6D2214A2AAEE733000A6411 /* DealiDesignKit */; };
		E655A8902B0CA53D00AD5E93 /* BottomSheetPopupTestViewController.swift in Sources */ = {isa = PBXBuildFile; fileRef = E655A88F2B0CA53D00AD5E93 /* BottomSheetPopupTestViewController.swift */; };
		E6C115E52BE4855A00032960 /* IndicatorViewController.swift in Sources */ = {isa = PBXBuildFile; fileRef = E6C115E42BE4855A00032960 /* IndicatorViewController.swift */; };
		E6EA11A42A8A24DC00ACCF3B /* AlertTestViewController.swift in Sources */ = {isa = PBXBuildFile; fileRef = E6EA11A32A8A24DC00ACCF3B /* AlertTestViewController.swift */; };
		E6F22CDD2BBAA3B400EACE6C /* DealiScrollSegmentTabBarViewController.swift in Sources */ = {isa = PBXBuildFile; fileRef = E6F22CDC2BBAA3B400EACE6C /* DealiScrollSegmentTabBarViewController.swift */; };
		E6F22CDF2BBAA59F00EACE6C /* DealiScrollSegmentTabBarChildViewController.swift in Sources */ = {isa = PBXBuildFile; fileRef = E6F22CDE2BBAA59F00EACE6C /* DealiScrollSegmentTabBarChildViewController.swift */; };
		FC52E5FF2AA0315B00CADB39 /* RadioButtonViewController.swift in Sources */ = {isa = PBXBuildFile; fileRef = FC52E5FE2AA0315B00CADB39 /* RadioButtonViewController.swift */; };
		FC810BB72BDF9AC300220CB2 /* DealiPlaygroundViewController.swift in Sources */ = {isa = PBXBuildFile; fileRef = FC810BB62BDF9AC300220CB2 /* DealiPlaygroundViewController.swift */; };
/* End PBXBuildFile section */

/* Begin PBXFileReference section */
		041ABC0B2A175E19001772F3 /* ColorViewController.swift */ = {isa = PBXFileReference; lastKnownFileType = sourcecode.swift; path = ColorViewController.swift; sourceTree = "<group>"; };
		042EA8A52A14C7D500370706 /* DealiDesignSystemSampleApp.app */ = {isa = PBXFileReference; explicitFileType = wrapper.application; includeInIndex = 0; path = DealiDesignSystemSampleApp.app; sourceTree = BUILT_PRODUCTS_DIR; };
		042EA8A82A14C7D500370706 /* AppDelegate.swift */ = {isa = PBXFileReference; lastKnownFileType = sourcecode.swift; path = AppDelegate.swift; sourceTree = "<group>"; };
		042EA8AA2A14C7D500370706 /* SceneDelegate.swift */ = {isa = PBXFileReference; lastKnownFileType = sourcecode.swift; path = SceneDelegate.swift; sourceTree = "<group>"; };
		042EA8AC2A14C7D500370706 /* MainViewController.swift */ = {isa = PBXFileReference; lastKnownFileType = sourcecode.swift; path = MainViewController.swift; sourceTree = "<group>"; };
		042EA8B12A14C7D700370706 /* Assets.xcassets */ = {isa = PBXFileReference; lastKnownFileType = folder.assetcatalog; path = Assets.xcassets; sourceTree = "<group>"; };
		042EA8B42A14C7D700370706 /* Base */ = {isa = PBXFileReference; lastKnownFileType = file.storyboard; name = Base; path = Base.lproj/LaunchScreen.storyboard; sourceTree = "<group>"; };
		042EA8B62A14C7D700370706 /* Info.plist */ = {isa = PBXFileReference; lastKnownFileType = text.plist.xml; path = Info.plist; sourceTree = "<group>"; };
		042EA8C02A15AD5200370706 /* MainView.swift */ = {isa = PBXFileReference; lastKnownFileType = sourcecode.swift; path = MainView.swift; sourceTree = "<group>"; };
		04AD45122A15EF4400093BEB /* TypographyViewController.swift */ = {isa = PBXFileReference; lastKnownFileType = sourcecode.swift; path = TypographyViewController.swift; sourceTree = "<group>"; };
		04AD45142A15EF5900093BEB /* TypographyView.swift */ = {isa = PBXFileReference; lastKnownFileType = sourcecode.swift; path = TypographyView.swift; sourceTree = "<group>"; };
		394FA4962BC539080026F117 /* TabBarComponentrViewController.swift */ = {isa = PBXFileReference; lastKnownFileType = sourcecode.swift; path = TabBarComponentrViewController.swift; sourceTree = "<group>"; };
		396EF4BB2BD8F129006CEF43 /* CheckComponentViewController.swift */ = {isa = PBXFileReference; lastKnownFileType = sourcecode.swift; path = CheckComponentViewController.swift; sourceTree = "<group>"; };
		396EF4BF2BDA04B8006CEF43 /* TextInputViewController.swift */ = {isa = PBXFileReference; fileEncoding = 4; lastKnownFileType = sourcecode.swift; path = TextInputViewController.swift; sourceTree = "<group>"; };
		396EF4C12BDA04EE006CEF43 /* SearchInputViewController.swift */ = {isa = PBXFileReference; fileEncoding = 4; lastKnownFileType = sourcecode.swift; path = SearchInputViewController.swift; sourceTree = "<group>"; };
		4D1FA9282AFC778E00AA510F /* SwitchViewController.swift */ = {isa = PBXFileReference; lastKnownFileType = sourcecode.swift; path = SwitchViewController.swift; sourceTree = "<group>"; };
		4D5326D42AB15FFF00A9509A /* ButtonViewController.swift */ = {isa = PBXFileReference; lastKnownFileType = sourcecode.swift; path = ButtonViewController.swift; sourceTree = "<group>"; };
		4D58315D2B033EC4009F7B48 /* SliderBarViewController.swift */ = {isa = PBXFileReference; lastKnownFileType = sourcecode.swift; path = SliderBarViewController.swift; sourceTree = "<group>"; };
		4DB2D6F32AFB281100DFF053 /* BottomSheetViewController.swift */ = {isa = PBXFileReference; lastKnownFileType = sourcecode.swift; path = BottomSheetViewController.swift; sourceTree = "<group>"; };
		5A090EA52B21962A009EEE0B /* TagViewController.swift */ = {isa = PBXFileReference; lastKnownFileType = sourcecode.swift; path = TagViewController.swift; sourceTree = "<group>"; };
		5A1E6B7C2AE68B270048D751 /* ChipViewController.swift */ = {isa = PBXFileReference; lastKnownFileType = sourcecode.swift; path = ChipViewController.swift; sourceTree = "<group>"; };
		E655A88F2B0CA53D00AD5E93 /* BottomSheetPopupTestViewController.swift */ = {isa = PBXFileReference; lastKnownFileType = sourcecode.swift; path = BottomSheetPopupTestViewController.swift; sourceTree = "<group>"; };
		E6C115E42BE4855A00032960 /* IndicatorViewController.swift */ = {isa = PBXFileReference; fileEncoding = 4; lastKnownFileType = sourcecode.swift; path = IndicatorViewController.swift; sourceTree = "<group>"; };
		E6EA11A32A8A24DC00ACCF3B /* AlertTestViewController.swift */ = {isa = PBXFileReference; lastKnownFileType = sourcecode.swift; path = AlertTestViewController.swift; sourceTree = "<group>"; };
		E6F22CDC2BBAA3B400EACE6C /* DealiScrollSegmentTabBarViewController.swift */ = {isa = PBXFileReference; lastKnownFileType = sourcecode.swift; path = DealiScrollSegmentTabBarViewController.swift; sourceTree = "<group>"; };
		E6F22CDE2BBAA59F00EACE6C /* DealiScrollSegmentTabBarChildViewController.swift */ = {isa = PBXFileReference; lastKnownFileType = sourcecode.swift; path = DealiScrollSegmentTabBarChildViewController.swift; sourceTree = "<group>"; };
		FC52E5FE2AA0315B00CADB39 /* RadioButtonViewController.swift */ = {isa = PBXFileReference; lastKnownFileType = sourcecode.swift; path = RadioButtonViewController.swift; sourceTree = "<group>"; };
		FC810BB62BDF9AC300220CB2 /* DealiPlaygroundViewController.swift */ = {isa = PBXFileReference; fileEncoding = 4; lastKnownFileType = sourcecode.swift; path = DealiPlaygroundViewController.swift; sourceTree = "<group>"; };
		FCEC04892A72B9A60004E5DB /* DealiDesignKit */ = {isa = PBXFileReference; lastKnownFileType = wrapper; name = DealiDesignKit; path = ..; sourceTree = "<group>"; };
/* End PBXFileReference section */

/* Begin PBXFrameworksBuildPhase section */
		042EA8A22A14C7D500370706 /* Frameworks */ = {
			isa = PBXFrameworksBuildPhase;
			buildActionMask = 2147483647;
			files = (
				E648FA9A2BB2C81E009F11F6 /* DealiDesignKit in Frameworks */,
				041ABC062A174598001772F3 /* RxRelay in Frameworks */,
				041ABC042A174598001772F3 /* RxCocoa in Frameworks */,
				041ABC082A174598001772F3 /* RxSwift in Frameworks */,
				4D96495B2BDA227D00AC1BDE /* RxKeyboard in Frameworks */,
			);
			runOnlyForDeploymentPostprocessing = 0;
		};
/* End PBXFrameworksBuildPhase section */

/* Begin PBXGroup section */
		042EA89C2A14C7D500370706 = {
			isa = PBXGroup;
			children = (
				FCEC04882A72B9A60004E5DB /* Packages */,
				042EA8A72A14C7D500370706 /* DealiDesignSystemSampleApp */,
				042EA8A62A14C7D500370706 /* Products */,
				042EA8BF2A14D38500370706 /* Frameworks */,
			);
			sourceTree = "<group>";
		};
		042EA8A62A14C7D500370706 /* Products */ = {
			isa = PBXGroup;
			children = (
				042EA8A52A14C7D500370706 /* DealiDesignSystemSampleApp.app */,
			);
			name = Products;
			sourceTree = "<group>";
		};
		042EA8A72A14C7D500370706 /* DealiDesignSystemSampleApp */ = {
			isa = PBXGroup;
			children = (
				04AD45112A15EF1000093BEB /* Others */,
				04AD45102A15EF0400093BEB /* Views */,
				04AD450F2A15EEF900093BEB /* ViewControllers */,
				042EA8B62A14C7D700370706 /* Info.plist */,
			);
			path = DealiDesignSystemSampleApp;
			sourceTree = "<group>";
		};
		042EA8BF2A14D38500370706 /* Frameworks */ = {
			isa = PBXGroup;
			children = (
			);
			name = Frameworks;
			sourceTree = "<group>";
		};
		04AD450F2A15EEF900093BEB /* ViewControllers */ = {
			isa = PBXGroup;
			children = (
				E6F22CDB2BBAA36700EACE6C /* TabbarViewController */,
				042EA8AC2A14C7D500370706 /* MainViewController.swift */,
				4D1FA9272AFC740000AA510F /* Sub */,
			);
			path = ViewControllers;
			sourceTree = "<group>";
		};
		04AD45102A15EF0400093BEB /* Views */ = {
			isa = PBXGroup;
			children = (
				042EA8C02A15AD5200370706 /* MainView.swift */,
				04AD45142A15EF5900093BEB /* TypographyView.swift */,
			);
			path = Views;
			sourceTree = "<group>";
		};
		04AD45112A15EF1000093BEB /* Others */ = {
			isa = PBXGroup;
			children = (
				042EA8A82A14C7D500370706 /* AppDelegate.swift */,
				042EA8AA2A14C7D500370706 /* SceneDelegate.swift */,
				042EA8B12A14C7D700370706 /* Assets.xcassets */,
				042EA8B32A14C7D700370706 /* LaunchScreen.storyboard */,
			);
			path = Others;
			sourceTree = "<group>";
		};
		4D1FA9272AFC740000AA510F /* Sub */ = {
			isa = PBXGroup;
			children = (
				396EF4C12BDA04EE006CEF43 /* SearchInputViewController.swift */,
				396EF4BF2BDA04B8006CEF43 /* TextInputViewController.swift */,
				FC810BB62BDF9AC300220CB2 /* DealiPlaygroundViewController.swift */,
				5A1E6B7C2AE68B270048D751 /* ChipViewController.swift */,
				4D5326D42AB15FFF00A9509A /* ButtonViewController.swift */,
				E6EA11A32A8A24DC00ACCF3B /* AlertTestViewController.swift */,
				041ABC0B2A175E19001772F3 /* ColorViewController.swift */,
				04AD45122A15EF4400093BEB /* TypographyViewController.swift */,
				FC52E5FE2AA0315B00CADB39 /* RadioButtonViewController.swift */,
				4DB2D6F32AFB281100DFF053 /* BottomSheetViewController.swift */,
				4D1FA9282AFC778E00AA510F /* SwitchViewController.swift */,
				4D58315D2B033EC4009F7B48 /* SliderBarViewController.swift */,
				5A090EA52B21962A009EEE0B /* TagViewController.swift */,
				E655A88F2B0CA53D00AD5E93 /* BottomSheetPopupTestViewController.swift */,
				394FA4962BC539080026F117 /* TabBarComponentrViewController.swift */,
				396EF4BB2BD8F129006CEF43 /* CheckComponentViewController.swift */,
				E6C115E42BE4855A00032960 /* IndicatorViewController.swift */,
			);
			path = Sub;
			sourceTree = "<group>";
		};
		E6F22CDB2BBAA36700EACE6C /* TabbarViewController */ = {
			isa = PBXGroup;
			children = (
				E6F22CDC2BBAA3B400EACE6C /* DealiScrollSegmentTabBarViewController.swift */,
				E6F22CDE2BBAA59F00EACE6C /* DealiScrollSegmentTabBarChildViewController.swift */,
			);
			path = TabbarViewController;
			sourceTree = "<group>";
		};
		FCEC04882A72B9A60004E5DB /* Packages */ = {
			isa = PBXGroup;
			children = (
				FCEC04892A72B9A60004E5DB /* DealiDesignKit */,
			);
			name = Packages;
			sourceTree = "<group>";
		};
/* End PBXGroup section */

/* Begin PBXNativeTarget section */
		042EA8A42A14C7D500370706 /* DealiDesignSystemSampleApp */ = {
			isa = PBXNativeTarget;
			buildConfigurationList = 042EA8B92A14C7D700370706 /* Build configuration list for PBXNativeTarget "DealiDesignSystemSampleApp" */;
			buildPhases = (
				042EA8A12A14C7D500370706 /* Sources */,
				042EA8A22A14C7D500370706 /* Frameworks */,
				042EA8A32A14C7D500370706 /* Resources */,
			);
			buildRules = (
			);
			dependencies = (
			);
			name = DealiDesignSystemSampleApp;
			packageProductDependencies = (
				041ABC032A174598001772F3 /* RxCocoa */,
				041ABC052A174598001772F3 /* RxRelay */,
				041ABC072A174598001772F3 /* RxSwift */,
				E6D2214A2AAEE733000A6411 /* DealiDesignKit */,
				4D96495A2BDA227D00AC1BDE /* RxKeyboard */,
			);
			productName = DealiDesignSystemSampleApp;
			productReference = 042EA8A52A14C7D500370706 /* DealiDesignSystemSampleApp.app */;
			productType = "com.apple.product-type.application";
		};
/* End PBXNativeTarget section */

/* Begin PBXProject section */
		042EA89D2A14C7D500370706 /* Project object */ = {
			isa = PBXProject;
			attributes = {
				BuildIndependentTargetsInParallel = 1;
				LastSwiftUpdateCheck = 1400;
				LastUpgradeCheck = 1500;
				ORGANIZATIONNAME = "Dealicious Inc";
				TargetAttributes = {
					042EA8A42A14C7D500370706 = {
						CreatedOnToolsVersion = 14.0;
					};
				};
			};
			buildConfigurationList = 042EA8A02A14C7D500370706 /* Build configuration list for PBXProject "DealiDesignSystemSampleApp" */;
			compatibilityVersion = "Xcode 14.0";
			developmentRegion = en;
			hasScannedForEncodings = 0;
			knownRegions = (
				en,
				Base,
			);
			mainGroup = 042EA89C2A14C7D500370706;
			packageReferences = (
				041ABC022A174598001772F3 /* XCRemoteSwiftPackageReference "RxSwift" */,
				4D9649592BDA227D00AC1BDE /* XCRemoteSwiftPackageReference "RxKeyboard" */,
			);
			productRefGroup = 042EA8A62A14C7D500370706 /* Products */;
			projectDirPath = "";
			projectRoot = "";
			targets = (
				042EA8A42A14C7D500370706 /* DealiDesignSystemSampleApp */,
			);
		};
/* End PBXProject section */

/* Begin PBXResourcesBuildPhase section */
		042EA8A32A14C7D500370706 /* Resources */ = {
			isa = PBXResourcesBuildPhase;
			buildActionMask = 2147483647;
			files = (
				042EA8B52A14C7D700370706 /* LaunchScreen.storyboard in Resources */,
				042EA8B22A14C7D700370706 /* Assets.xcassets in Resources */,
			);
			runOnlyForDeploymentPostprocessing = 0;
		};
/* End PBXResourcesBuildPhase section */

/* Begin PBXSourcesBuildPhase section */
		042EA8A12A14C7D500370706 /* Sources */ = {
			isa = PBXSourcesBuildPhase;
			buildActionMask = 2147483647;
			files = (
				042EA8AD2A14C7D500370706 /* MainViewController.swift in Sources */,
				4DB2D6F42AFB281100DFF053 /* BottomSheetViewController.swift in Sources */,
				04AD45132A15EF4400093BEB /* TypographyViewController.swift in Sources */,
				394FA4972BC539080026F117 /* TabBarComponentrViewController.swift in Sources */,
				396EF4C02BDA04B8006CEF43 /* TextInputViewController.swift in Sources */,
				041ABC0C2A175E19001772F3 /* ColorViewController.swift in Sources */,
				E6EA11A42A8A24DC00ACCF3B /* AlertTestViewController.swift in Sources */,
				396EF4BC2BD8F129006CEF43 /* CheckComponentViewController.swift in Sources */,
				E6C115E52BE4855A00032960 /* IndicatorViewController.swift in Sources */,
				E6F22CDF2BBAA59F00EACE6C /* DealiScrollSegmentTabBarChildViewController.swift in Sources */,
				E6F22CDD2BBAA3B400EACE6C /* DealiScrollSegmentTabBarViewController.swift in Sources */,
				4D58315E2B033EC4009F7B48 /* SliderBarViewController.swift in Sources */,
				042EA8C12A15AD5200370706 /* MainView.swift in Sources */,
				FC52E5FF2AA0315B00CADB39 /* RadioButtonViewController.swift in Sources */,
				396EF4C22BDA04EE006CEF43 /* SearchInputViewController.swift in Sources */,
				042EA8A92A14C7D500370706 /* AppDelegate.swift in Sources */,
				5A1E6B7D2AE68B270048D751 /* ChipViewController.swift in Sources */,
				042EA8AB2A14C7D500370706 /* SceneDelegate.swift in Sources */,
				04AD45152A15EF5900093BEB /* TypographyView.swift in Sources */,
				FC810BB72BDF9AC300220CB2 /* DealiPlaygroundViewController.swift in Sources */,
				4D1FA9292AFC778E00AA510F /* SwitchViewController.swift in Sources */,
				5A090EA62B21962A009EEE0B /* TagViewController.swift in Sources */,
				4D5326D52AB15FFF00A9509A /* ButtonViewController.swift in Sources */,
				E655A8902B0CA53D00AD5E93 /* BottomSheetPopupTestViewController.swift in Sources */,
			);
			runOnlyForDeploymentPostprocessing = 0;
		};
/* End PBXSourcesBuildPhase section */

/* Begin PBXVariantGroup section */
		042EA8B32A14C7D700370706 /* LaunchScreen.storyboard */ = {
			isa = PBXVariantGroup;
			children = (
				042EA8B42A14C7D700370706 /* Base */,
			);
			name = LaunchScreen.storyboard;
			sourceTree = "<group>";
		};
/* End PBXVariantGroup section */

/* Begin XCBuildConfiguration section */
		042EA8B72A14C7D700370706 /* Debug */ = {
			isa = XCBuildConfiguration;
			buildSettings = {
				ALWAYS_SEARCH_USER_PATHS = NO;
				CLANG_ANALYZER_NONNULL = YES;
				CLANG_ANALYZER_NUMBER_OBJECT_CONVERSION = YES_AGGRESSIVE;
				CLANG_CXX_LANGUAGE_STANDARD = "gnu++20";
				CLANG_ENABLE_MODULES = YES;
				CLANG_ENABLE_OBJC_ARC = YES;
				CLANG_ENABLE_OBJC_WEAK = YES;
				CLANG_WARN_BLOCK_CAPTURE_AUTORELEASING = YES;
				CLANG_WARN_BOOL_CONVERSION = YES;
				CLANG_WARN_COMMA = YES;
				CLANG_WARN_CONSTANT_CONVERSION = YES;
				CLANG_WARN_DEPRECATED_OBJC_IMPLEMENTATIONS = YES;
				CLANG_WARN_DIRECT_OBJC_ISA_USAGE = YES_ERROR;
				CLANG_WARN_DOCUMENTATION_COMMENTS = YES;
				CLANG_WARN_EMPTY_BODY = YES;
				CLANG_WARN_ENUM_CONVERSION = YES;
				CLANG_WARN_INFINITE_RECURSION = YES;
				CLANG_WARN_INT_CONVERSION = YES;
				CLANG_WARN_NON_LITERAL_NULL_CONVERSION = YES;
				CLANG_WARN_OBJC_IMPLICIT_RETAIN_SELF = YES;
				CLANG_WARN_OBJC_LITERAL_CONVERSION = YES;
				CLANG_WARN_OBJC_ROOT_CLASS = YES_ERROR;
				CLANG_WARN_QUOTED_INCLUDE_IN_FRAMEWORK_HEADER = YES;
				CLANG_WARN_RANGE_LOOP_ANALYSIS = YES;
				CLANG_WARN_STRICT_PROTOTYPES = YES;
				CLANG_WARN_SUSPICIOUS_MOVE = YES;
				CLANG_WARN_UNGUARDED_AVAILABILITY = YES_AGGRESSIVE;
				CLANG_WARN_UNREACHABLE_CODE = YES;
				CLANG_WARN__DUPLICATE_METHOD_MATCH = YES;
				COPY_PHASE_STRIP = NO;
				DEBUG_INFORMATION_FORMAT = dwarf;
				ENABLE_STRICT_OBJC_MSGSEND = YES;
				ENABLE_TESTABILITY = YES;
				ENABLE_USER_SCRIPT_SANDBOXING = YES;
				GCC_C_LANGUAGE_STANDARD = gnu11;
				GCC_DYNAMIC_NO_PIC = NO;
				GCC_NO_COMMON_BLOCKS = YES;
				GCC_OPTIMIZATION_LEVEL = 0;
				GCC_PREPROCESSOR_DEFINITIONS = (
					"DEBUG=1",
					"$(inherited)",
				);
				"GCC_PREPROCESSOR_DEFINITIONS[arch=*]" = "FLEXLAYOUT_SWIFT_PACKAGE=1";
				GCC_WARN_64_TO_32_BIT_CONVERSION = YES;
				GCC_WARN_ABOUT_RETURN_TYPE = YES_ERROR;
				GCC_WARN_UNDECLARED_SELECTOR = YES;
				GCC_WARN_UNINITIALIZED_AUTOS = YES_AGGRESSIVE;
				GCC_WARN_UNUSED_FUNCTION = YES;
				GCC_WARN_UNUSED_VARIABLE = YES;
				IPHONEOS_DEPLOYMENT_TARGET = 14.0;
				MTL_ENABLE_DEBUG_INFO = INCLUDE_SOURCE;
				MTL_FAST_MATH = YES;
				ONLY_ACTIVE_ARCH = YES;
				SDKROOT = iphoneos;
				SWIFT_ACTIVE_COMPILATION_CONDITIONS = DEBUG;
				SWIFT_OPTIMIZATION_LEVEL = "-Onone";
			};
			name = Debug;
		};
		042EA8B82A14C7D700370706 /* Release */ = {
			isa = XCBuildConfiguration;
			buildSettings = {
				ALWAYS_SEARCH_USER_PATHS = NO;
				CLANG_ANALYZER_NONNULL = YES;
				CLANG_ANALYZER_NUMBER_OBJECT_CONVERSION = YES_AGGRESSIVE;
				CLANG_CXX_LANGUAGE_STANDARD = "gnu++20";
				CLANG_ENABLE_MODULES = YES;
				CLANG_ENABLE_OBJC_ARC = YES;
				CLANG_ENABLE_OBJC_WEAK = YES;
				CLANG_WARN_BLOCK_CAPTURE_AUTORELEASING = YES;
				CLANG_WARN_BOOL_CONVERSION = YES;
				CLANG_WARN_COMMA = YES;
				CLANG_WARN_CONSTANT_CONVERSION = YES;
				CLANG_WARN_DEPRECATED_OBJC_IMPLEMENTATIONS = YES;
				CLANG_WARN_DIRECT_OBJC_ISA_USAGE = YES_ERROR;
				CLANG_WARN_DOCUMENTATION_COMMENTS = YES;
				CLANG_WARN_EMPTY_BODY = YES;
				CLANG_WARN_ENUM_CONVERSION = YES;
				CLANG_WARN_INFINITE_RECURSION = YES;
				CLANG_WARN_INT_CONVERSION = YES;
				CLANG_WARN_NON_LITERAL_NULL_CONVERSION = YES;
				CLANG_WARN_OBJC_IMPLICIT_RETAIN_SELF = YES;
				CLANG_WARN_OBJC_LITERAL_CONVERSION = YES;
				CLANG_WARN_OBJC_ROOT_CLASS = YES_ERROR;
				CLANG_WARN_QUOTED_INCLUDE_IN_FRAMEWORK_HEADER = YES;
				CLANG_WARN_RANGE_LOOP_ANALYSIS = YES;
				CLANG_WARN_STRICT_PROTOTYPES = YES;
				CLANG_WARN_SUSPICIOUS_MOVE = YES;
				CLANG_WARN_UNGUARDED_AVAILABILITY = YES_AGGRESSIVE;
				CLANG_WARN_UNREACHABLE_CODE = YES;
				CLANG_WARN__DUPLICATE_METHOD_MATCH = YES;
				COPY_PHASE_STRIP = NO;
				DEBUG_INFORMATION_FORMAT = "dwarf-with-dsym";
				ENABLE_NS_ASSERTIONS = NO;
				ENABLE_STRICT_OBJC_MSGSEND = YES;
				ENABLE_USER_SCRIPT_SANDBOXING = YES;
				GCC_C_LANGUAGE_STANDARD = gnu11;
				GCC_NO_COMMON_BLOCKS = YES;
				GCC_WARN_64_TO_32_BIT_CONVERSION = YES;
				GCC_WARN_ABOUT_RETURN_TYPE = YES_ERROR;
				GCC_WARN_UNDECLARED_SELECTOR = YES;
				GCC_WARN_UNINITIALIZED_AUTOS = YES_AGGRESSIVE;
				GCC_WARN_UNUSED_FUNCTION = YES;
				GCC_WARN_UNUSED_VARIABLE = YES;
				IPHONEOS_DEPLOYMENT_TARGET = 14.0;
				MTL_ENABLE_DEBUG_INFO = NO;
				MTL_FAST_MATH = YES;
				SDKROOT = iphoneos;
				SWIFT_COMPILATION_MODE = wholemodule;
				SWIFT_OPTIMIZATION_LEVEL = "-O";
				VALIDATE_PRODUCT = YES;
			};
			name = Release;
		};
		042EA8BA2A14C7D700370706 /* Debug */ = {
			isa = XCBuildConfiguration;
			buildSettings = {
				ASSETCATALOG_COMPILER_APPICON_NAME = AppIcon;
				ASSETCATALOG_COMPILER_GLOBAL_ACCENT_COLOR_NAME = AccentColor;
				CODE_SIGN_STYLE = Automatic;
				CURRENT_PROJECT_VERSION = 1;
				DEVELOPMENT_TEAM = 6GM235HJ3Z;
				GENERATE_INFOPLIST_FILE = YES;
				INFOPLIST_FILE = DealiDesignSystemSampleApp/Info.plist;
				INFOPLIST_KEY_UIApplicationSupportsIndirectInputEvents = YES;
				INFOPLIST_KEY_UILaunchStoryboardName = LaunchScreen;
				INFOPLIST_KEY_UISupportedInterfaceOrientations = "UIInterfaceOrientationLandscapeLeft UIInterfaceOrientationLandscapeRight UIInterfaceOrientationPortrait";
				IPHONEOS_DEPLOYMENT_TARGET = 14.0;
				LD_RUNPATH_SEARCH_PATHS = (
					"$(inherited)",
					"@executable_path/Frameworks",
				);
				MARKETING_VERSION = 1.2.14;
				PRODUCT_BUNDLE_IDENTIFIER = net.deali.DealiDesignSystemSampleApp;
				PRODUCT_NAME = "$(TARGET_NAME)";
				SWIFT_EMIT_LOC_STRINGS = YES;
				SWIFT_VERSION = 5.0;
				TARGETED_DEVICE_FAMILY = "1,2";
			};
			name = Debug;
		};
		042EA8BB2A14C7D700370706 /* Release */ = {
			isa = XCBuildConfiguration;
			buildSettings = {
				ASSETCATALOG_COMPILER_APPICON_NAME = AppIcon;
				ASSETCATALOG_COMPILER_GLOBAL_ACCENT_COLOR_NAME = AccentColor;
				CODE_SIGN_STYLE = Automatic;
				CURRENT_PROJECT_VERSION = 1;
				DEVELOPMENT_TEAM = 6GM235HJ3Z;
				GENERATE_INFOPLIST_FILE = YES;
				INFOPLIST_FILE = DealiDesignSystemSampleApp/Info.plist;
				INFOPLIST_KEY_UIApplicationSupportsIndirectInputEvents = YES;
				INFOPLIST_KEY_UILaunchStoryboardName = LaunchScreen;
				INFOPLIST_KEY_UISupportedInterfaceOrientations = "UIInterfaceOrientationLandscapeLeft UIInterfaceOrientationLandscapeRight UIInterfaceOrientationPortrait";
				IPHONEOS_DEPLOYMENT_TARGET = 14.0;
				LD_RUNPATH_SEARCH_PATHS = (
					"$(inherited)",
					"@executable_path/Frameworks",
				);
				MARKETING_VERSION = 1.2.14;
				PRODUCT_BUNDLE_IDENTIFIER = net.deali.DealiDesignSystemSampleApp;
				PRODUCT_NAME = "$(TARGET_NAME)";
				SWIFT_EMIT_LOC_STRINGS = YES;
				SWIFT_VERSION = 5.0;
				TARGETED_DEVICE_FAMILY = "1,2";
			};
			name = Release;
		};
/* End XCBuildConfiguration section */

/* Begin XCConfigurationList section */
		042EA8A02A14C7D500370706 /* Build configuration list for PBXProject "DealiDesignSystemSampleApp" */ = {
			isa = XCConfigurationList;
			buildConfigurations = (
				042EA8B72A14C7D700370706 /* Debug */,
				042EA8B82A14C7D700370706 /* Release */,
			);
			defaultConfigurationIsVisible = 0;
			defaultConfigurationName = Release;
		};
		042EA8B92A14C7D700370706 /* Build configuration list for PBXNativeTarget "DealiDesignSystemSampleApp" */ = {
			isa = XCConfigurationList;
			buildConfigurations = (
				042EA8BA2A14C7D700370706 /* Debug */,
				042EA8BB2A14C7D700370706 /* Release */,
			);
			defaultConfigurationIsVisible = 0;
			defaultConfigurationName = Release;
		};
/* End XCConfigurationList section */

/* Begin XCRemoteSwiftPackageReference section */
		041ABC022A174598001772F3 /* XCRemoteSwiftPackageReference "RxSwift" */ = {
			isa = XCRemoteSwiftPackageReference;
			repositoryURL = "https://github.com/ReactiveX/RxSwift";
			requirement = {
				kind = upToNextMajorVersion;
				minimumVersion = 6.0.0;
			};
		};
		4D9649592BDA227D00AC1BDE /* XCRemoteSwiftPackageReference "RxKeyboard" */ = {
			isa = XCRemoteSwiftPackageReference;
			repositoryURL = "https://github.com/RxSwiftCommunity/RxKeyboard.git";
			requirement = {
				kind = upToNextMajorVersion;
				minimumVersion = 2.0.1;
			};
		};
/* End XCRemoteSwiftPackageReference section */

/* Begin XCSwiftPackageProductDependency section */
		041ABC032A174598001772F3 /* RxCocoa */ = {
			isa = XCSwiftPackageProductDependency;
			package = 041ABC022A174598001772F3 /* XCRemoteSwiftPackageReference "RxSwift" */;
			productName = RxCocoa;
		};
		041ABC052A174598001772F3 /* RxRelay */ = {
			isa = XCSwiftPackageProductDependency;
			package = 041ABC022A174598001772F3 /* XCRemoteSwiftPackageReference "RxSwift" */;
			productName = RxRelay;
		};
		041ABC072A174598001772F3 /* RxSwift */ = {
			isa = XCSwiftPackageProductDependency;
			package = 041ABC022A174598001772F3 /* XCRemoteSwiftPackageReference "RxSwift" */;
			productName = RxSwift;
		};
		4D96495A2BDA227D00AC1BDE /* RxKeyboard */ = {
			isa = XCSwiftPackageProductDependency;
			package = 4D9649592BDA227D00AC1BDE /* XCRemoteSwiftPackageReference "RxKeyboard" */;
			productName = RxKeyboard;
		};
		E6D2214A2AAEE733000A6411 /* DealiDesignKit */ = {
			isa = XCSwiftPackageProductDependency;
			productName = DealiDesignKit;
		};
/* End XCSwiftPackageProductDependency section */
	};
	rootObject = 042EA89D2A14C7D500370706 /* Project object */;
}
