// !$*UTF8*$!
{
	archiveVersion = 1;
	classes = {
	};
	objectVersion = 56;
	objects = {

/* Begin PBXBuildFile section */
		041ABC042A174598001772F3 /* RxCocoa in Frameworks */ = {isa = PBXBuildFile; productRef = 041ABC032A174598001772F3 /* RxCocoa */; };
		041ABC062A174598001772F3 /* RxRelay in Frameworks */ = {isa = PBXBuildFile; productRef = 041ABC052A174598001772F3 /* RxRelay */; };
		041ABC082A174598001772F3 /* RxSwift in Frameworks */ = {isa = PBXBuildFile; productRef = 041ABC072A174598001772F3 /* RxSwift */; };
		041ABC0C2A175E19001772F3 /* ColorViewController.swift in Sources */ = {isa = PBXBuildFile; fileRef = 041ABC0B2A175E19001772F3 /* ColorViewController.swift */; };
		A17122010000000000000003 /* LogoViewController.swift in Sources */ = {isa = PBXBuildFile; fileRef = A17122010000000000000002 /* LogoViewController.swift */; };
		042EA8A92A14C7D500370706 /* AppDelegate.swift in Sources */ = {isa = PBXBuildFile; fileRef = 042EA8A82A14C7D500370706 /* AppDelegate.swift */; };
		042EA8AB2A14C7D500370706 /* SceneDelegate.swift in Sources */ = {isa = PBXBuildFile; fileRef = 042EA8AA2A14C7D500370706 /* SceneDelegate.swift */; };
		042EA8B22A14C7D700370706 /* Assets.xcassets in Resources */ = {isa = PBXBuildFile; fileRef = 042EA8B12A14C7D700370706 /* Assets.xcassets */; };
		042EA8B52A14C7D700370706 /* LaunchScreen.storyboard in Resources */ = {isa = PBXBuildFile; fileRef = 042EA8B32A14C7D700370706 /* LaunchScreen.storyboard */; };
		047D08472D23C156003EA0C0 /* ToolTipViewController.swift in Sources */ = {isa = PBXBuildFile; fileRef = 047D08462D23C156003EA0C0 /* ToolTipViewController.swift */; };
		04AD45132A15EF4400093BEB /* TypographyViewController.swift in Sources */ = {isa = PBXBuildFile; fileRef = 04AD45122A15EF4400093BEB /* TypographyViewController.swift */; };
		390D485B2C88456B00C30C0E /* FontComponentViewController.swift in Sources */ = {isa = PBXBuildFile; fileRef = 390D485A2C88456B00C30C0E /* FontComponentViewController.swift */; };
		392C389E2C4655E30088D176 /* ScrollViewBottomSheetViewController.swift in Sources */ = {isa = PBXBuildFile; fileRef = 392C389D2C4655E30088D176 /* ScrollViewBottomSheetViewController.swift */; };
		392C38A02C465AC70088D176 /* ViewBottomSheetViewController.swift in Sources */ = {isa = PBXBuildFile; fileRef = 392C389F2C465AC70088D176 /* ViewBottomSheetViewController.swift */; };
		392C38A22C467A540088D176 /* DropdownViewController.swift in Sources */ = {isa = PBXBuildFile; fileRef = 392C38A12C467A540088D176 /* DropdownViewController.swift */; };
		393D25822BEB615F00A2CC3F /* EmptyComponentViewController.swift in Sources */ = {isa = PBXBuildFile; fileRef = 393D25812BEB615F00A2CC3F /* EmptyComponentViewController.swift */; };
		396EF4BC2BD8F129006CEF43 /* CheckComponentViewController.swift in Sources */ = {isa = PBXBuildFile; fileRef = 396EF4BB2BD8F129006CEF43 /* CheckComponentViewController.swift */; };
		396EF4C02BDA04B8006CEF43 /* TextInputViewController.swift in Sources */ = {isa = PBXBuildFile; fileRef = 396EF4BF2BDA04B8006CEF43 /* TextInputViewController.swift */; };
		396EF4C22BDA04EE006CEF43 /* SearchInputViewController.swift in Sources */ = {isa = PBXBuildFile; fileRef = 396EF4C12BDA04EE006CEF43 /* SearchInputViewController.swift */; };
		398370952D91533A005C5CCD /* AccordionTestView.swift in Sources */ = {isa = PBXBuildFile; fileRef = 398370942D91533A005C5CCD /* AccordionTestView.swift */; };
		398927732D76C41200B20CC3 /* LabeledTestView.swift in Sources */ = {isa = PBXBuildFile; fileRef = 398927722D76C41200B20CC3 /* LabeledTestView.swift */; };
		3990E48D2CC61E90007C2D9E /* LabeledTextComponentViewController.swift in Sources */ = {isa = PBXBuildFile; fileRef = 3990E48C2CC61E90007C2D9E /* LabeledTextComponentViewController.swift */; };
		3990E48F2CC639C3007C2D9E /* AccordionComponentViewController.swift in Sources */ = {isa = PBXBuildFile; fileRef = 3990E48E2CC639C3007C2D9E /* AccordionComponentViewController.swift */; };
		39AE99772CF47D8B007CF381 /* DealiTabBarChildViewController.swift in Sources */ = {isa = PBXBuildFile; fileRef = 39AE99742CF47D8B007CF381 /* DealiTabBarChildViewController.swift */; };
		39AE99782CF47D8B007CF381 /* DealiTabBarViewController.swift in Sources */ = {isa = PBXBuildFile; fileRef = 39AE99752CF47D8B007CF381 /* DealiTabBarViewController.swift */; };
		39AE997A2CF47D9E007CF381 /* TabBarViewController.swift in Sources */ = {isa = PBXBuildFile; fileRef = 39AE99792CF47D9E007CF381 /* TabBarViewController.swift */; };
		39CB88632E1BAAD20014DAED /* CountStepperViewController.swift in Sources */ = {isa = PBXBuildFile; fileRef = 39CB88622E1BAAD20014DAED /* CountStepperViewController.swift */; };
		39F6D2442D197568008B35A9 /* PlaceholderImageViewController.swift in Sources */ = {isa = PBXBuildFile; fileRef = 39F6D2432D197568008B35A9 /* PlaceholderImageViewController.swift */; };
		39FE39C32DE6AAB1005E0CB5 /* LinkLabelViewController.swift in Sources */ = {isa = PBXBuildFile; fileRef = 39FE39C22DE6AAB1005E0CB5 /* LinkLabelViewController.swift */; };
		3B0A390E2E13B83D00A2AD2C /* EmptyViewController.swift in Sources */ = {isa = PBXBuildFile; fileRef = 3B0A390D2E13B83D00A2AD2C /* EmptyViewController.swift */; };
		3B92CD052D62CE96006A2057 /* AlertTestView.swift in Sources */ = {isa = PBXBuildFile; fileRef = 3B92CD042D62CE96006A2057 /* AlertTestView.swift */; };
		4D1FA9292AFC778E00AA510F /* SwitchViewController.swift in Sources */ = {isa = PBXBuildFile; fileRef = 4D1FA9282AFC778E00AA510F /* SwitchViewController.swift */; };
		4D4C2B4E2DD2F073000B482A /* ToastTestView.swift in Sources */ = {isa = PBXBuildFile; fileRef = 4D4C2B4D2DD2F073000B482A /* ToastTestView.swift */; };
		4D50A85D2DAF4F3500A39FB0 /* ComponentHeaderView.swift in Sources */ = {isa = PBXBuildFile; fileRef = 4D50A85C2DAF4F3500A39FB0 /* ComponentHeaderView.swift */; };
		4D50A85F2DAF543300A39FB0 /* SearchBarCell.swift in Sources */ = {isa = PBXBuildFile; fileRef = 4D50A85E2DAF543300A39FB0 /* SearchBarCell.swift */; };
		4D5326D52AB15FFF00A9509A /* ButtonViewController.swift in Sources */ = {isa = PBXBuildFile; fileRef = 4D5326D42AB15FFF00A9509A /* ButtonViewController.swift */; };
		4D58315E2B033EC4009F7B48 /* SliderBarViewController.swift in Sources */ = {isa = PBXBuildFile; fileRef = 4D58315D2B033EC4009F7B48 /* SliderBarViewController.swift */; };
		4D584A1E2D1A82BF007BB775 /* NoticeViewController.swift in Sources */ = {isa = PBXBuildFile; fileRef = 4D584A1D2D1A82BF007BB775 /* NoticeViewController.swift */; };
		4D584A202D22758B007BB775 /* GradientColorItemView.swift in Sources */ = {isa = PBXBuildFile; fileRef = 4D584A1F2D22758B007BB775 /* GradientColorItemView.swift */; };
		4DA438C72DD2F3CF006F94EC /* ToastViewController.swift in Sources */ = {isa = PBXBuildFile; fileRef = 4DA438C62DD2F3CF006F94EC /* ToastViewController.swift */; };
		4DA7ED752D9BFFA80029165D /* SearchInputTestView.swift in Sources */ = {isa = PBXBuildFile; fileRef = 4DA7ED742D9BFFA80029165D /* SearchInputTestView.swift */; };
		4DA7ED762DA61A3E0029165D /* DealiDesignKit in Frameworks */ = {isa = PBXBuildFile; productRef = E6D2214A2AAEE733000A6411 /* DealiDesignKit */; };
		4DA7ED7F2DA76EF30029165D /* UIKitBaseViewController.swift in Sources */ = {isa = PBXBuildFile; fileRef = 4DA7ED7E2DA76EF30029165D /* UIKitBaseViewController.swift */; };
		4DA7ED842DA79F850029165D /* ComponentSectionData.swift in Sources */ = {isa = PBXBuildFile; fileRef = 4DA7ED832DA79F850029165D /* ComponentSectionData.swift */; };
		4DA7ED872DA7AA390029165D /* ActionManager.swift in Sources */ = {isa = PBXBuildFile; fileRef = 4DA7ED862DA7AA390029165D /* ActionManager.swift */; };
		4DA7ED892DA7AECE0029165D /* ComponentCollectionViewCell.swift in Sources */ = {isa = PBXBuildFile; fileRef = 4DA7ED882DA7AECE0029165D /* ComponentCollectionViewCell.swift */; };
		4DB4F3D32D7968A200C49ABF /* CheckboxTestView.swift in Sources */ = {isa = PBXBuildFile; fileRef = 4DB4F3D22D7968A200C49ABF /* CheckboxTestView.swift */; };
		4DB9FA782E0038B4008430C4 /* MainViewController.swift in Sources */ = {isa = PBXBuildFile; fileRef = 4DB9FA772E0038B4008430C4 /* MainViewController.swift */; };
		4DD5C2672DE5A46B00EEDB02 /* ImageChipTestView.swift in Sources */ = {isa = PBXBuildFile; fileRef = 4DD5C2662DE5A46B00EEDB02 /* ImageChipTestView.swift */; };
		4DE326202CDB61CF00E67FEC /* ImageChipViewController.swift in Sources */ = {isa = PBXBuildFile; fileRef = 4DE3261F2CDB61CF00E67FEC /* ImageChipViewController.swift */; };
		4DF5ABEB2CC25E1300BFB7D6 /* ColorItemView.swift in Sources */ = {isa = PBXBuildFile; fileRef = 4DF5ABEA2CC25E1300BFB7D6 /* ColorItemView.swift */; };
		4DFE8C612BE4AF140063A15E /* TextAreaViewController.swift in Sources */ = {isa = PBXBuildFile; fileRef = 4DFE8C602BE4AF140063A15E /* TextAreaViewController.swift */; };
		5A090EA62B21962A009EEE0B /* TagViewController.swift in Sources */ = {isa = PBXBuildFile; fileRef = 5A090EA52B21962A009EEE0B /* TagViewController.swift */; };
		5A1E6B7D2AE68B270048D751 /* ChipViewController.swift in Sources */ = {isa = PBXBuildFile; fileRef = 5A1E6B7C2AE68B270048D751 /* ChipViewController.swift */; };
		5FEF636A2D966F2400248F3E /* TextLinkTestView.swift in Sources */ = {isa = PBXBuildFile; fileRef = 5FEF63692D966F2400248F3E /* TextLinkTestView.swift */; };
		E54DEC782D6DC6D700288A7F /* ButtonTestView.swift in Sources */ = {isa = PBXBuildFile; fileRef = E54DEC772D6DC6D700288A7F /* ButtonTestView.swift */; };
		E5A6544C2DFFBE2B006E3378 /* SwiftUITabBarViewController.swift in Sources */ = {isa = PBXBuildFile; fileRef = E5A6544B2DFFBE2B006E3378 /* SwiftUITabBarViewController.swift */; };
		E5E0642D2D5F12C700925FAF /* FullSwiftUIBaseView.swift in Sources */ = {isa = PBXBuildFile; fileRef = E5E0642C2D5F12C700925FAF /* FullSwiftUIBaseView.swift */; };
		E655A8902B0CA53D00AD5E93 /* BottomSheetPopupTestViewController.swift in Sources */ = {isa = PBXBuildFile; fileRef = E655A88F2B0CA53D00AD5E93 /* BottomSheetPopupTestViewController.swift */; };
		E6C115E52BE4855A00032960 /* IndicatorViewController.swift in Sources */ = {isa = PBXBuildFile; fileRef = E6C115E42BE4855A00032960 /* IndicatorViewController.swift */; };
		E6EA11A42A8A24DC00ACCF3B /* AlertTestViewController.swift in Sources */ = {isa = PBXBuildFile; fileRef = E6EA11A32A8A24DC00ACCF3B /* AlertTestViewController.swift */; };
		FC0680632D81A8980076CC09 /* EmptyViewTest.swift in Sources */ = {isa = PBXBuildFile; fileRef = FC0680622D81A8980076CC09 /* EmptyViewTest.swift */; };
		FC0680722D9FB0AC0076CC09 /* BadgeViewController.swift in Sources */ = {isa = PBXBuildFile; fileRef = FC0680712D9FB0AC0076CC09 /* BadgeViewController.swift */; };
		FC0838872D06C0DB0028AE27 /* TextLinkViewController.swift in Sources */ = {isa = PBXBuildFile; fileRef = FC0838862D06C0DB0028AE27 /* TextLinkViewController.swift */; };
		FC52E5FF2AA0315B00CADB39 /* RadioButtonViewController.swift in Sources */ = {isa = PBXBuildFile; fileRef = FC52E5FE2AA0315B00CADB39 /* RadioButtonViewController.swift */; };
		FC5D882A2D2BB52C008F7133 /* DealiDesignKit in Frameworks */ = {isa = PBXBuildFile; productRef = FC5D88292D2BB52C008F7133 /* DealiDesignKit */; };
		FC810BB72BDF9AC300220CB2 /* DealiPlaygroundViewController.swift in Sources */ = {isa = PBXBuildFile; fileRef = FC810BB62BDF9AC300220CB2 /* DealiPlaygroundViewController.swift */; };
		FCE527BC2CC6504C000FB3F7 /* ColorView.swift in Sources */ = {isa = PBXBuildFile; fileRef = FCE527BB2CC6504C000FB3F7 /* ColorView.swift */; };
/* End PBXBuildFile section */

/* Begin PBXFileReference section */
		041ABC0B2A175E19001772F3 /* ColorViewController.swift */ = {isa = PBXFileReference; lastKnownFileType = sourcecode.swift; path = ColorViewController.swift; sourceTree = "<group>"; };
		A17122010000000000000002 /* LogoViewController.swift */ = {isa = PBXFileReference; lastKnownFileType = sourcecode.swift; path = LogoViewController.swift; sourceTree = "<group>"; };
		042EA8A52A14C7D500370706 /* DealiDesignSystemSampleApp.app */ = {isa = PBXFileReference; explicitFileType = wrapper.application; includeInIndex = 0; path = DealiDesignSystemSampleApp.app; sourceTree = BUILT_PRODUCTS_DIR; };
		042EA8A82A14C7D500370706 /* AppDelegate.swift */ = {isa = PBXFileReference; lastKnownFileType = sourcecode.swift; path = AppDelegate.swift; sourceTree = "<group>"; };
		042EA8AA2A14C7D500370706 /* SceneDelegate.swift */ = {isa = PBXFileReference; lastKnownFileType = sourcecode.swift; path = SceneDelegate.swift; sourceTree = "<group>"; };
		042EA8B12A14C7D700370706 /* Assets.xcassets */ = {isa = PBXFileReference; lastKnownFileType = folder.assetcatalog; path = Assets.xcassets; sourceTree = "<group>"; };
		042EA8B42A14C7D700370706 /* Base */ = {isa = PBXFileReference; lastKnownFileType = file.storyboard; name = Base; path = Base.lproj/LaunchScreen.storyboard; sourceTree = "<group>"; };
		042EA8B62A14C7D700370706 /* Info.plist */ = {isa = PBXFileReference; lastKnownFileType = text.plist.xml; path = Info.plist; sourceTree = "<group>"; };
		047D08462D23C156003EA0C0 /* ToolTipViewController.swift */ = {isa = PBXFileReference; lastKnownFileType = sourcecode.swift; path = ToolTipViewController.swift; sourceTree = "<group>"; };
		04AD45122A15EF4400093BEB /* TypographyViewController.swift */ = {isa = PBXFileReference; lastKnownFileType = sourcecode.swift; path = TypographyViewController.swift; sourceTree = "<group>"; };
		390D485A2C88456B00C30C0E /* FontComponentViewController.swift */ = {isa = PBXFileReference; lastKnownFileType = sourcecode.swift; path = FontComponentViewController.swift; sourceTree = "<group>"; };
		392C389D2C4655E30088D176 /* ScrollViewBottomSheetViewController.swift */ = {isa = PBXFileReference; lastKnownFileType = sourcecode.swift; path = ScrollViewBottomSheetViewController.swift; sourceTree = "<group>"; };
		392C389F2C465AC70088D176 /* ViewBottomSheetViewController.swift */ = {isa = PBXFileReference; lastKnownFileType = sourcecode.swift; path = ViewBottomSheetViewController.swift; sourceTree = "<group>"; };
		392C38A12C467A540088D176 /* DropdownViewController.swift */ = {isa = PBXFileReference; fileEncoding = 4; lastKnownFileType = sourcecode.swift; path = DropdownViewController.swift; sourceTree = "<group>"; };
		393D25812BEB615F00A2CC3F /* EmptyComponentViewController.swift */ = {isa = PBXFileReference; lastKnownFileType = sourcecode.swift; path = EmptyComponentViewController.swift; sourceTree = "<group>"; };
		396EF4BB2BD8F129006CEF43 /* CheckComponentViewController.swift */ = {isa = PBXFileReference; lastKnownFileType = sourcecode.swift; path = CheckComponentViewController.swift; sourceTree = "<group>"; };
		396EF4BF2BDA04B8006CEF43 /* TextInputViewController.swift */ = {isa = PBXFileReference; fileEncoding = 4; lastKnownFileType = sourcecode.swift; path = TextInputViewController.swift; sourceTree = "<group>"; };
		396EF4C12BDA04EE006CEF43 /* SearchInputViewController.swift */ = {isa = PBXFileReference; fileEncoding = 4; lastKnownFileType = sourcecode.swift; path = SearchInputViewController.swift; sourceTree = "<group>"; };
		398370942D91533A005C5CCD /* AccordionTestView.swift */ = {isa = PBXFileReference; lastKnownFileType = sourcecode.swift; path = AccordionTestView.swift; sourceTree = "<group>"; };
		398927722D76C41200B20CC3 /* LabeledTestView.swift */ = {isa = PBXFileReference; lastKnownFileType = sourcecode.swift; path = LabeledTestView.swift; sourceTree = "<group>"; };
		3990E48C2CC61E90007C2D9E /* LabeledTextComponentViewController.swift */ = {isa = PBXFileReference; fileEncoding = 4; lastKnownFileType = sourcecode.swift; path = LabeledTextComponentViewController.swift; sourceTree = "<group>"; };
		3990E48E2CC639C3007C2D9E /* AccordionComponentViewController.swift */ = {isa = PBXFileReference; lastKnownFileType = sourcecode.swift; path = AccordionComponentViewController.swift; sourceTree = "<group>"; };
		39AE99742CF47D8B007CF381 /* DealiTabBarChildViewController.swift */ = {isa = PBXFileReference; fileEncoding = 4; lastKnownFileType = sourcecode.swift; path = DealiTabBarChildViewController.swift; sourceTree = "<group>"; };
		39AE99752CF47D8B007CF381 /* DealiTabBarViewController.swift */ = {isa = PBXFileReference; fileEncoding = 4; lastKnownFileType = sourcecode.swift; path = DealiTabBarViewController.swift; sourceTree = "<group>"; };
		39AE99792CF47D9E007CF381 /* TabBarViewController.swift */ = {isa = PBXFileReference; fileEncoding = 4; lastKnownFileType = sourcecode.swift; path = TabBarViewController.swift; sourceTree = "<group>"; };
		39CB88622E1BAAD20014DAED /* CountStepperViewController.swift */ = {isa = PBXFileReference; lastKnownFileType = sourcecode.swift; path = CountStepperViewController.swift; sourceTree = "<group>"; };
		39F6D2432D197568008B35A9 /* PlaceholderImageViewController.swift */ = {isa = PBXFileReference; lastKnownFileType = sourcecode.swift; path = PlaceholderImageViewController.swift; sourceTree = "<group>"; };
		39FE39C22DE6AAB1005E0CB5 /* LinkLabelViewController.swift */ = {isa = PBXFileReference; lastKnownFileType = sourcecode.swift; path = LinkLabelViewController.swift; sourceTree = "<group>"; };
		3B0A390D2E13B83D00A2AD2C /* EmptyViewController.swift */ = {isa = PBXFileReference; lastKnownFileType = sourcecode.swift; path = EmptyViewController.swift; sourceTree = "<group>"; };
		3B92CD042D62CE96006A2057 /* AlertTestView.swift */ = {isa = PBXFileReference; lastKnownFileType = sourcecode.swift; path = AlertTestView.swift; sourceTree = "<group>"; };
		4D1FA9282AFC778E00AA510F /* SwitchViewController.swift */ = {isa = PBXFileReference; lastKnownFileType = sourcecode.swift; path = SwitchViewController.swift; sourceTree = "<group>"; };
		4D4C2B4D2DD2F073000B482A /* ToastTestView.swift */ = {isa = PBXFileReference; lastKnownFileType = sourcecode.swift; path = ToastTestView.swift; sourceTree = "<group>"; };
		4D50A85C2DAF4F3500A39FB0 /* ComponentHeaderView.swift */ = {isa = PBXFileReference; lastKnownFileType = sourcecode.swift; path = ComponentHeaderView.swift; sourceTree = "<group>"; };
		4D50A85E2DAF543300A39FB0 /* SearchBarCell.swift */ = {isa = PBXFileReference; lastKnownFileType = sourcecode.swift; path = SearchBarCell.swift; sourceTree = "<group>"; };
		4D5326D42AB15FFF00A9509A /* ButtonViewController.swift */ = {isa = PBXFileReference; lastKnownFileType = sourcecode.swift; path = ButtonViewController.swift; sourceTree = "<group>"; };
		4D58315D2B033EC4009F7B48 /* SliderBarViewController.swift */ = {isa = PBXFileReference; lastKnownFileType = sourcecode.swift; path = SliderBarViewController.swift; sourceTree = "<group>"; };
		4D584A1D2D1A82BF007BB775 /* NoticeViewController.swift */ = {isa = PBXFileReference; lastKnownFileType = sourcecode.swift; path = NoticeViewController.swift; sourceTree = "<group>"; };
		4D584A1F2D22758B007BB775 /* GradientColorItemView.swift */ = {isa = PBXFileReference; lastKnownFileType = sourcecode.swift; path = GradientColorItemView.swift; sourceTree = "<group>"; };
		4DA438C62DD2F3CF006F94EC /* ToastViewController.swift */ = {isa = PBXFileReference; lastKnownFileType = sourcecode.swift; path = ToastViewController.swift; sourceTree = "<group>"; };
		4DA7ED742D9BFFA80029165D /* SearchInputTestView.swift */ = {isa = PBXFileReference; lastKnownFileType = sourcecode.swift; path = SearchInputTestView.swift; sourceTree = "<group>"; };
		4DA7ED7E2DA76EF30029165D /* UIKitBaseViewController.swift */ = {isa = PBXFileReference; lastKnownFileType = sourcecode.swift; path = UIKitBaseViewController.swift; sourceTree = "<group>"; };
		4DA7ED832DA79F850029165D /* ComponentSectionData.swift */ = {isa = PBXFileReference; lastKnownFileType = sourcecode.swift; path = ComponentSectionData.swift; sourceTree = "<group>"; };
		4DA7ED862DA7AA390029165D /* ActionManager.swift */ = {isa = PBXFileReference; lastKnownFileType = sourcecode.swift; path = ActionManager.swift; sourceTree = "<group>"; };
		4DA7ED882DA7AECE0029165D /* ComponentCollectionViewCell.swift */ = {isa = PBXFileReference; lastKnownFileType = sourcecode.swift; path = ComponentCollectionViewCell.swift; sourceTree = "<group>"; };
		4DB2D6F32AFB281100DFF053 /* BottomSheetViewController.swift */ = {isa = PBXFileReference; lastKnownFileType = sourcecode.swift; path = BottomSheetViewController.swift; sourceTree = "<group>"; };
		4DB4F3D22D7968A200C49ABF /* CheckboxTestView.swift */ = {isa = PBXFileReference; lastKnownFileType = sourcecode.swift; path = CheckboxTestView.swift; sourceTree = "<group>"; };
		4DB9FA772E0038B4008430C4 /* MainViewController.swift */ = {isa = PBXFileReference; lastKnownFileType = sourcecode.swift; path = MainViewController.swift; sourceTree = "<group>"; };
		4DD5C2662DE5A46B00EEDB02 /* ImageChipTestView.swift */ = {isa = PBXFileReference; lastKnownFileType = sourcecode.swift; path = ImageChipTestView.swift; sourceTree = "<group>"; };
		4DE3261F2CDB61CF00E67FEC /* ImageChipViewController.swift */ = {isa = PBXFileReference; lastKnownFileType = sourcecode.swift; path = ImageChipViewController.swift; sourceTree = "<group>"; };
		4DF5ABEA2CC25E1300BFB7D6 /* ColorItemView.swift */ = {isa = PBXFileReference; lastKnownFileType = sourcecode.swift; path = ColorItemView.swift; sourceTree = "<group>"; };
		4DFE8C602BE4AF140063A15E /* TextAreaViewController.swift */ = {isa = PBXFileReference; lastKnownFileType = sourcecode.swift; path = TextAreaViewController.swift; sourceTree = "<group>"; };
		5A090EA52B21962A009EEE0B /* TagViewController.swift */ = {isa = PBXFileReference; lastKnownFileType = sourcecode.swift; path = TagViewController.swift; sourceTree = "<group>"; };
		5A1E6B7C2AE68B270048D751 /* ChipViewController.swift */ = {isa = PBXFileReference; lastKnownFileType = sourcecode.swift; path = ChipViewController.swift; sourceTree = "<group>"; };
		5FEF63692D966F2400248F3E /* TextLinkTestView.swift */ = {isa = PBXFileReference; lastKnownFileType = sourcecode.swift; path = TextLinkTestView.swift; sourceTree = "<group>"; };
		E54DEC772D6DC6D700288A7F /* ButtonTestView.swift */ = {isa = PBXFileReference; lastKnownFileType = sourcecode.swift; path = ButtonTestView.swift; sourceTree = "<group>"; };
		E5A6544B2DFFBE2B006E3378 /* SwiftUITabBarViewController.swift */ = {isa = PBXFileReference; lastKnownFileType = sourcecode.swift; path = SwiftUITabBarViewController.swift; sourceTree = "<group>"; };
		E5E0642C2D5F12C700925FAF /* FullSwiftUIBaseView.swift */ = {isa = PBXFileReference; lastKnownFileType = sourcecode.swift; path = FullSwiftUIBaseView.swift; sourceTree = "<group>"; };
		E655A88F2B0CA53D00AD5E93 /* BottomSheetPopupTestViewController.swift */ = {isa = PBXFileReference; lastKnownFileType = sourcecode.swift; path = BottomSheetPopupTestViewController.swift; sourceTree = "<group>"; };
		E6C115E42BE4855A00032960 /* IndicatorViewController.swift */ = {isa = PBXFileReference; fileEncoding = 4; lastKnownFileType = sourcecode.swift; path = IndicatorViewController.swift; sourceTree = "<group>"; };
		E6EA11A32A8A24DC00ACCF3B /* AlertTestViewController.swift */ = {isa = PBXFileReference; lastKnownFileType = sourcecode.swift; path = AlertTestViewController.swift; sourceTree = "<group>"; };
		FC0680622D81A8980076CC09 /* EmptyViewTest.swift */ = {isa = PBXFileReference; lastKnownFileType = sourcecode.swift; path = EmptyViewTest.swift; sourceTree = "<group>"; };
		FC0680712D9FB0AC0076CC09 /* BadgeViewController.swift */ = {isa = PBXFileReference; lastKnownFileType = sourcecode.swift; path = BadgeViewController.swift; sourceTree = "<group>"; };
		FC0838862D06C0DB0028AE27 /* TextLinkViewController.swift */ = {isa = PBXFileReference; lastKnownFileType = sourcecode.swift; path = TextLinkViewController.swift; sourceTree = "<group>"; };
		FC52E5FE2AA0315B00CADB39 /* RadioButtonViewController.swift */ = {isa = PBXFileReference; lastKnownFileType = sourcecode.swift; path = RadioButtonViewController.swift; sourceTree = "<group>"; };
		FC810BB62BDF9AC300220CB2 /* DealiPlaygroundViewController.swift */ = {isa = PBXFileReference; fileEncoding = 4; lastKnownFileType = sourcecode.swift; path = DealiPlaygroundViewController.swift; sourceTree = "<group>"; };
		FCE527BB2CC6504C000FB3F7 /* ColorView.swift */ = {isa = PBXFileReference; lastKnownFileType = sourcecode.swift; path = ColorView.swift; sourceTree = "<group>"; };
		FCEC04892A72B9A60004E5DB /* DealiDesignKit */ = {isa = PBXFileReference; lastKnownFileType = wrapper; name = DealiDesignKit; path = ..; sourceTree = "<group>"; };
/* End PBXFileReference section */

/* Begin PBXFrameworksBuildPhase section */
		042EA8A22A14C7D500370706 /* Frameworks */ = {
			isa = PBXFrameworksBuildPhase;
			buildActionMask = 2147483647;
			files = (
				4DA7ED762DA61A3E0029165D /* DealiDesignKit in Frameworks */,
				FC5D882A2D2BB52C008F7133 /* DealiDesignKit in Frameworks */,
				041ABC062A174598001772F3 /* RxRelay in Frameworks */,
				041ABC042A174598001772F3 /* RxCocoa in Frameworks */,
				041ABC082A174598001772F3 /* RxSwift in Frameworks */,
			);
			runOnlyForDeploymentPostprocessing = 0;
		};
/* End PBXFrameworksBuildPhase section */

/* Begin PBXGroup section */
		042EA89C2A14C7D500370706 = {
			isa = PBXGroup;
			children = (
				FCEC04882A72B9A60004E5DB /* Packages */,
				042EA8A72A14C7D500370706 /* DealiDesignSystemSampleApp */,
				042EA8A62A14C7D500370706 /* Products */,
				042EA8BF2A14D38500370706 /* Frameworks */,
			);
			sourceTree = "<group>";
		};
		042EA8A62A14C7D500370706 /* Products */ = {
			isa = PBXGroup;
			children = (
				042EA8A52A14C7D500370706 /* DealiDesignSystemSampleApp.app */,
			);
			name = Products;
			sourceTree = "<group>";
		};
		042EA8A72A14C7D500370706 /* DealiDesignSystemSampleApp */ = {
			isa = PBXGroup;
			children = (
				4DB9FA7F2E003F0B008430C4 /* Sub */,
				4DB9FA7D2E003DDA008430C4 /* Main */,
				4DA7ED852DA7AA2E0029165D /* Utils */,
				042EA8B62A14C7D700370706 /* Info.plist */,
				FC810BB62BDF9AC300220CB2 /* DealiPlaygroundViewController.swift */,
				04AD45112A15EF1000093BEB /* Others */,
			);
			path = DealiDesignSystemSampleApp;
			sourceTree = "<group>";
		};
		042EA8BF2A14D38500370706 /* Frameworks */ = {
			isa = PBXGroup;
			children = (
			);
			name = Frameworks;
			sourceTree = "<group>";
		};
		04AD45112A15EF1000093BEB /* Others */ = {
			isa = PBXGroup;
			children = (
				042EA8A82A14C7D500370706 /* AppDelegate.swift */,
				042EA8AA2A14C7D500370706 /* SceneDelegate.swift */,
				042EA8B12A14C7D700370706 /* Assets.xcassets */,
				042EA8B32A14C7D700370706 /* LaunchScreen.storyboard */,
			);
			path = Others;
			sourceTree = "<group>";
		};
		392C389A2C4654870088D176 /* BottomSheetTest */ = {
			isa = PBXGroup;
			children = (
				392C389D2C4655E30088D176 /* ScrollViewBottomSheetViewController.swift */,
				392C389F2C465AC70088D176 /* ViewBottomSheetViewController.swift */,
			);
			path = BottomSheetTest;
			sourceTree = "<group>";
		};
		39AE99762CF47D8B007CF381 /* DealiTabBarViewController */ = {
			isa = PBXGroup;
			children = (
				39AE99742CF47D8B007CF381 /* DealiTabBarChildViewController.swift */,
				39AE99752CF47D8B007CF381 /* DealiTabBarViewController.swift */,
				E5A6544B2DFFBE2B006E3378 /* SwiftUITabBarViewController.swift */,
			);
			path = DealiTabBarViewController;
			sourceTree = "<group>";
		};
		39FE39C12DE6AA6C005E0CB5 /* 4.Etc */ = {
			isa = PBXGroup;
			children = (
				39FE39C22DE6AAB1005E0CB5 /* LinkLabelViewController.swift */,
			);
			path = 4.Etc;
			sourceTree = "<group>";
		};
		3B0A390C2E13B82800A2AD2C /* Empty */ = {
			isa = PBXGroup;
			children = (
				3B0A390D2E13B83D00A2AD2C /* EmptyViewController.swift */,
			);
			path = Empty;
			sourceTree = "<group>";
		};
		3B92CD032D62CE57006A2057 /* SwiftUIBase */ = {
			isa = PBXGroup;
			children = (
				3B92CD042D62CE96006A2057 /* AlertTestView.swift */,
				E54DEC772D6DC6D700288A7F /* ButtonTestView.swift */,
				4DB4F3D22D7968A200C49ABF /* CheckboxTestView.swift */,
				FC0680622D81A8980076CC09 /* EmptyViewTest.swift */,
				398927722D76C41200B20CC3 /* LabeledTestView.swift */,
				398370942D91533A005C5CCD /* AccordionTestView.swift */,
				5FEF63692D966F2400248F3E /* TextLinkTestView.swift */,
				4DA7ED742D9BFFA80029165D /* SearchInputTestView.swift */,
				4D4C2B4D2DD2F073000B482A /* ToastTestView.swift */,
				4DD5C2662DE5A46B00EEDB02 /* ImageChipTestView.swift */,
			);
			path = SwiftUIBase;
			sourceTree = "<group>";
		};
		4D584A1C2D1A82A1007BB775 /* Notice */ = {
			isa = PBXGroup;
			children = (
				4D584A1D2D1A82BF007BB775 /* NoticeViewController.swift */,
			);
			path = Notice;
			sourceTree = "<group>";
		};
		4DA438C32DD2F3A1006F94EC /* Toast */ = {
			isa = PBXGroup;
			children = (
				4DA438C62DD2F3CF006F94EC /* ToastViewController.swift */,
			);
			path = Toast;
			sourceTree = "<group>";
		};
		4DA7ED772DA668310029165D /* 0. Main */ = {
			isa = PBXGroup;
			children = (
				4DA7ED802DA79DD60029165D /* View */,
				4DA7ED832DA79F850029165D /* ComponentSectionData.swift */,
			);
			path = "0. Main";
			sourceTree = "<group>";
		};
		4DA7ED782DA668560029165D /* 1. Token */ = {
			isa = PBXGroup;
			children = (
				4DA7ED7A2DA669180029165D /* Typography */,
				4DF5ABE82CC25C2300BFB7D6 /* Color */,
				A17122010000000000000001 /* Logo */,
			);
			path = "1. Token";
			sourceTree = "<group>";
		};
		A17122010000000000000001 /* Logo */ = {
			isa = PBXGroup;
			children = (
				A17122010000000000000002 /* LogoViewController.swift */,
			);
			path = Logo;
			sourceTree = "<group>";
		};
		4DA7ED792DA668660029165D /* 3. Molecule */ = {
			isa = PBXGroup;
			children = (
				E6EA11A32A8A24DC00ACCF3B /* AlertTestViewController.swift */,
				E655A88F2B0CA53D00AD5E93 /* BottomSheetPopupTestViewController.swift */,
				4DB2D6F32AFB281100DFF053 /* BottomSheetViewController.swift */,
				393D25812BEB615F00A2CC3F /* EmptyComponentViewController.swift */,
				392C389A2C4654870088D176 /* BottomSheetTest */,
				39AE99762CF47D8B007CF381 /* DealiTabBarViewController */,
				4D584A1C2D1A82A1007BB775 /* Notice */,
				4DA7ED7D2DA669F40029165D /* TabBar */,
			);
			path = "3. Molecule";
			sourceTree = "<group>";
		};
		4DA7ED7A2DA669180029165D /* Typography */ = {
			isa = PBXGroup;
			children = (
				04AD45122A15EF4400093BEB /* TypographyViewController.swift */,
				390D485A2C88456B00C30C0E /* FontComponentViewController.swift */,
			);
			path = Typography;
			sourceTree = "<group>";
		};
		4DA7ED7B2DA6694A0029165D /* 2. Atom */ = {
			isa = PBXGroup;
			children = (
				3990E48E2CC639C3007C2D9E /* AccordionComponentViewController.swift */,
				4D5326D42AB15FFF00A9509A /* ButtonViewController.swift */,
				396EF4BB2BD8F129006CEF43 /* CheckComponentViewController.swift */,
				5A1E6B7C2AE68B270048D751 /* ChipViewController.swift */,
				392C38A12C467A540088D176 /* DropdownViewController.swift */,
				E6C115E42BE4855A00032960 /* IndicatorViewController.swift */,
				3990E48C2CC61E90007C2D9E /* LabeledTextComponentViewController.swift */,
				39F6D2432D197568008B35A9 /* PlaceholderImageViewController.swift */,
				FC52E5FE2AA0315B00CADB39 /* RadioButtonViewController.swift */,
				4D58315D2B033EC4009F7B48 /* SliderBarViewController.swift */,
				4D1FA9282AFC778E00AA510F /* SwitchViewController.swift */,
				5A090EA52B21962A009EEE0B /* TagViewController.swift */,
				4DFE8C602BE4AF140063A15E /* TextAreaViewController.swift */,
				396EF4BF2BDA04B8006CEF43 /* TextInputViewController.swift */,
				047D08462D23C156003EA0C0 /* ToolTipViewController.swift */,
				39CB88622E1BAAD20014DAED /* CountStepperViewController.swift */,
				4DA7ED7C2DA669AF0029165D /* Badge */,
				4DE3261E2CDB611400E67FEC /* ImageChip */,
				FC0838852D06C0B70028AE27 /* TextLink */,
				3B0A390C2E13B82800A2AD2C /* Empty */,
				FC0138542DCDCB3600900585 /* SearchInput */,
				4DA438C32DD2F3A1006F94EC /* Toast */,
			);
			path = "2. Atom";
			sourceTree = "<group>";
		};
		4DA7ED7C2DA669AF0029165D /* Badge */ = {
			isa = PBXGroup;
			children = (
				FC0680712D9FB0AC0076CC09 /* BadgeViewController.swift */,
			);
			path = Badge;
			sourceTree = "<group>";
		};
		4DA7ED7D2DA669F40029165D /* TabBar */ = {
			isa = PBXGroup;
			children = (
				39AE99792CF47D9E007CF381 /* TabBarViewController.swift */,
			);
			path = TabBar;
			sourceTree = "<group>";
		};
		4DA7ED802DA79DD60029165D /* View */ = {
			isa = PBXGroup;
			children = (
				4DA7ED882DA7AECE0029165D /* ComponentCollectionViewCell.swift */,
				4D50A85C2DAF4F3500A39FB0 /* ComponentHeaderView.swift */,
				4D50A85E2DAF543300A39FB0 /* SearchBarCell.swift */,
			);
			path = View;
			sourceTree = "<group>";
		};
		4DA7ED852DA7AA2E0029165D /* Utils */ = {
			isa = PBXGroup;
			children = (
				4DA7ED862DA7AA390029165D /* ActionManager.swift */,
			);
			path = Utils;
			sourceTree = "<group>";
		};
		4DB9FA7D2E003DDA008430C4 /* Main */ = {
			isa = PBXGroup;
			children = (
				4DA7ED7E2DA76EF30029165D /* UIKitBaseViewController.swift */,
				E5E0642C2D5F12C700925FAF /* FullSwiftUIBaseView.swift */,
				4DB9FA772E0038B4008430C4 /* MainViewController.swift */,
			);
			path = Main;
			sourceTree = "<group>";
		};
		4DB9FA7F2E003F0B008430C4 /* Sub */ = {
			isa = PBXGroup;
			children = (
				4DB9FA802E003F5C008430C4 /* UIKitBase */,
				3B92CD032D62CE57006A2057 /* SwiftUIBase */,
			);
			path = Sub;
			sourceTree = "<group>";
		};
		4DB9FA802E003F5C008430C4 /* UIKitBase */ = {
			isa = PBXGroup;
			children = (
				4DA7ED772DA668310029165D /* 0. Main */,
				4DA7ED782DA668560029165D /* 1. Token */,
				4DA7ED7B2DA6694A0029165D /* 2. Atom */,
				4DA7ED792DA668660029165D /* 3. Molecule */,
				39FE39C12DE6AA6C005E0CB5 /* 4.Etc */,
			);
			path = UIKitBase;
			sourceTree = "<group>";
		};
		4DE3261E2CDB611400E67FEC /* ImageChip */ = {
			isa = PBXGroup;
			children = (
				4DE3261F2CDB61CF00E67FEC /* ImageChipViewController.swift */,
			);
			path = ImageChip;
			sourceTree = "<group>";
		};
		4DF5ABE82CC25C2300BFB7D6 /* Color */ = {
			isa = PBXGroup;
			children = (
				4DF5ABE92CC25DF900BFB7D6 /* View */,
				041ABC0B2A175E19001772F3 /* ColorViewController.swift */,
			);
			path = Color;
			sourceTree = "<group>";
		};
		4DF5ABE92CC25DF900BFB7D6 /* View */ = {
			isa = PBXGroup;
			children = (
				4DF5ABEA2CC25E1300BFB7D6 /* ColorItemView.swift */,
				FCE527BB2CC6504C000FB3F7 /* ColorView.swift */,
				4D584A1F2D22758B007BB775 /* GradientColorItemView.swift */,
			);
			path = View;
			sourceTree = "<group>";
		};
		FC0138542DCDCB3600900585 /* SearchInput */ = {
			isa = PBXGroup;
			children = (
				396EF4C12BDA04EE006CEF43 /* SearchInputViewController.swift */,
			);
			path = SearchInput;
			sourceTree = "<group>";
		};
		FC0838852D06C0B70028AE27 /* TextLink */ = {
			isa = PBXGroup;
			children = (
				FC0838862D06C0DB0028AE27 /* TextLinkViewController.swift */,
			);
			path = TextLink;
			sourceTree = "<group>";
		};
		FCEC04882A72B9A60004E5DB /* Packages */ = {
			isa = PBXGroup;
			children = (
				FCEC04892A72B9A60004E5DB /* DealiDesignKit */,
			);
			name = Packages;
			sourceTree = "<group>";
		};
/* End PBXGroup section */

/* Begin PBXNativeTarget section */
		042EA8A42A14C7D500370706 /* DealiDesignSystemSampleApp */ = {
			isa = PBXNativeTarget;
			buildConfigurationList = 042EA8B92A14C7D700370706 /* Build configuration list for PBXNativeTarget "DealiDesignSystemSampleApp" */;
			buildPhases = (
				042EA8A12A14C7D500370706 /* Sources */,
				042EA8A22A14C7D500370706 /* Frameworks */,
				042EA8A32A14C7D500370706 /* Resources */,
				3B075AEA2DE4411A00433ABF /* SwiftGen Script */,
			);
			buildRules = (
			);
			dependencies = (
			);
			name = DealiDesignSystemSampleApp;
			packageProductDependencies = (
				041ABC032A174598001772F3 /* RxCocoa */,
				041ABC052A174598001772F3 /* RxRelay */,
				041ABC072A174598001772F3 /* RxSwift */,
				E6D2214A2AAEE733000A6411 /* DealiDesignKit */,
				FC5D88292D2BB52C008F7133 /* DealiDesignKit */,
			);
			productName = DealiDesignSystemSampleApp;
			productReference = 042EA8A52A14C7D500370706 /* DealiDesignSystemSampleApp.app */;
			productType = "com.apple.product-type.application";
		};
/* End PBXNativeTarget section */

/* Begin PBXProject section */
		042EA89D2A14C7D500370706 /* Project object */ = {
			isa = PBXProject;
			attributes = {
				BuildIndependentTargetsInParallel = 1;
				LastSwiftUpdateCheck = 1400;
				LastUpgradeCheck = 1500;
				ORGANIZATIONNAME = "Dealicious Inc";
				TargetAttributes = {
					042EA8A42A14C7D500370706 = {
						CreatedOnToolsVersion = 14.0;
					};
				};
			};
			buildConfigurationList = 042EA8A02A14C7D500370706 /* Build configuration list for PBXProject "DealiDesignSystemSampleApp" */;
			compatibilityVersion = "Xcode 14.0";
			developmentRegion = en;
			hasScannedForEncodings = 0;
			knownRegions = (
				en,
				Base,
			);
			mainGroup = 042EA89C2A14C7D500370706;
			packageReferences = (
				041ABC022A174598001772F3 /* XCRemoteSwiftPackageReference "RxSwift" */,
			);
			productRefGroup = 042EA8A62A14C7D500370706 /* Products */;
			projectDirPath = "";
			projectRoot = "";
			targets = (
				042EA8A42A14C7D500370706 /* DealiDesignSystemSampleApp */,
			);
		};
/* End PBXProject section */

/* Begin PBXResourcesBuildPhase section */
		042EA8A32A14C7D500370706 /* Resources */ = {
			isa = PBXResourcesBuildPhase;
			buildActionMask = 2147483647;
			files = (
				042EA8B52A14C7D700370706 /* LaunchScreen.storyboard in Resources */,
				042EA8B22A14C7D700370706 /* Assets.xcassets in Resources */,
			);
			runOnlyForDeploymentPostprocessing = 0;
		};
/* End PBXResourcesBuildPhase section */

/* Begin PBXShellScriptBuildPhase section */
		3B075AEA2DE4411A00433ABF /* SwiftGen Script */ = {
			isa = PBXShellScriptBuildPhase;
			buildActionMask = 2147483647;
			files = (
			);
			inputFileListPaths = (
			);
			inputPaths = (
				"$(SRCROOT)/../SwiftGen/swiftgen.yml",
				"$(SRCROOT)/../Sources/DealiDesignKit/Resources/IconAssets.xcassets",
				"$(SRCROOT)/../Sources/DealiDesignKit/Resources/ImageAssets.xcassets",
				"$(SRCROOT)/DealiDesignSystemSampleApp/Others/Assets.xcassets",
			);
			name = "SwiftGen Script";
			outputFileListPaths = (
			);
			outputPaths = (
			);
			runOnlyForDeploymentPostprocessing = 0;
			shellPath = /bin/sh;
			shellScript = "# Debug configuration에서만 실행\nif [ \"$CONFIGURATION\" != \"Debug\" ]; then\n    echo \"SwiftGen is skipped for non-Debug builds.\"\n    exit 0\nfi\n\n# Apple Silicon 대응\nif [[ \"$(uname -m)\" == arm64 ]]; then\n    export PATH=\"/opt/homebrew/bin:$PATH\"\nfi\n\n# SwiftGen 설치 여부 확인\nif ! command -v swiftgen &> /dev/null; then\n    echo \"warning: SwiftGen not installed. Install via 'brew install swiftgen'\"\n    exit 1\nfi\n\n# 변경된 Asset 파일 목록 가져오기\nchanged_files=$(\n  {\n    git diff HEAD --name-only --diff-filter=ACMRD\n    git ls-files --others --exclude-standard\n  } | grep -E \"\\.xcassets($|/)\" | sort -u\n)\n\necho \"💬 Changed files :\"\nprintf '%s\\n' \"$changed_files\"\n\n# 변경된 파일이 없으면 종료\nif [ -z \"$changed_files\" ]; then\n        echo \"☑️ No relevant asset or strings files changed.\"\n    exit 0\nfi\n\n# 루트 경로 이동 후 SwiftGen 실행\necho \"✏️ Running SwiftGen...\"\ncd \"${SRCROOT}/../SwiftGen\" && swiftgen config run --config swiftgen.yml\n\n# SwiftGen 실행 결과 확인\nif [ $? -ne 0 ]; then\n    echo \"🚨 SwiftGen failed. Please check your configuration.\"\n    exit 1\nelse\n    echo \"✅ SwiftGen ran successfully.\"\nfi\n";
		};
/* End PBXShellScriptBuildPhase section */

/* Begin PBXSourcesBuildPhase section */
		042EA8A12A14C7D500370706 /* Sources */ = {
			isa = PBXSourcesBuildPhase;
			buildActionMask = 2147483647;
			files = (
				392C38A02C465AC70088D176 /* ViewBottomSheetViewController.swift in Sources */,
				04AD45132A15EF4400093BEB /* TypographyViewController.swift in Sources */,
				4DA7ED752D9BFFA80029165D /* SearchInputTestView.swift in Sources */,
				396EF4C02BDA04B8006CEF43 /* TextInputViewController.swift in Sources */,
				041ABC0C2A175E19001772F3 /* ColorViewController.swift in Sources */,
				A17122010000000000000003 /* LogoViewController.swift in Sources */,
				E6EA11A42A8A24DC00ACCF3B /* AlertTestViewController.swift in Sources */,
				4D4C2B4E2DD2F073000B482A /* ToastTestView.swift in Sources */,
				396EF4BC2BD8F129006CEF43 /* CheckComponentViewController.swift in Sources */,
				4DA7ED892DA7AECE0029165D /* ComponentCollectionViewCell.swift in Sources */,
				E6C115E52BE4855A00032960 /* IndicatorViewController.swift in Sources */,
				4DB4F3D32D7968A200C49ABF /* CheckboxTestView.swift in Sources */,
				390D485B2C88456B00C30C0E /* FontComponentViewController.swift in Sources */,
				39FE39C32DE6AAB1005E0CB5 /* LinkLabelViewController.swift in Sources */,
				398927732D76C41200B20CC3 /* LabeledTestView.swift in Sources */,
				4D58315E2B033EC4009F7B48 /* SliderBarViewController.swift in Sources */,
				4DD5C2672DE5A46B00EEDB02 /* ImageChipTestView.swift in Sources */,
				3990E48D2CC61E90007C2D9E /* LabeledTextComponentViewController.swift in Sources */,
				FC0838872D06C0DB0028AE27 /* TextLinkViewController.swift in Sources */,
				392C38A22C467A540088D176 /* DropdownViewController.swift in Sources */,
				4D584A1E2D1A82BF007BB775 /* NoticeViewController.swift in Sources */,
				047D08472D23C156003EA0C0 /* ToolTipViewController.swift in Sources */,
				E5E0642D2D5F12C700925FAF /* FullSwiftUIBaseView.swift in Sources */,
				FC0680632D81A8980076CC09 /* EmptyViewTest.swift in Sources */,
				FC52E5FF2AA0315B00CADB39 /* RadioButtonViewController.swift in Sources */,
				4D50A85F2DAF543300A39FB0 /* SearchBarCell.swift in Sources */,
				4DA7ED842DA79F850029165D /* ComponentSectionData.swift in Sources */,
				398370952D91533A005C5CCD /* AccordionTestView.swift in Sources */,
				39F6D2442D197568008B35A9 /* PlaceholderImageViewController.swift in Sources */,
				4DA7ED7F2DA76EF30029165D /* UIKitBaseViewController.swift in Sources */,
				3B0A390E2E13B83D00A2AD2C /* EmptyViewController.swift in Sources */,
				396EF4C22BDA04EE006CEF43 /* SearchInputViewController.swift in Sources */,
				E5A6544C2DFFBE2B006E3378 /* SwiftUITabBarViewController.swift in Sources */,
				042EA8A92A14C7D500370706 /* AppDelegate.swift in Sources */,
				5A1E6B7D2AE68B270048D751 /* ChipViewController.swift in Sources */,
				4DA7ED872DA7AA390029165D /* ActionManager.swift in Sources */,
				042EA8AB2A14C7D500370706 /* SceneDelegate.swift in Sources */,
				FC0680722D9FB0AC0076CC09 /* BadgeViewController.swift in Sources */,
				E54DEC782D6DC6D700288A7F /* ButtonTestView.swift in Sources */,
				042EA8AB2A14C7D500370706 /* SceneDelegate.swift in Sources */,
				4DF5ABEB2CC25E1300BFB7D6 /* ColorItemView.swift in Sources */,
				5FEF636A2D966F2400248F3E /* TextLinkTestView.swift in Sources */,
				4D584A202D22758B007BB775 /* GradientColorItemView.swift in Sources */,
				4D50A85D2DAF4F3500A39FB0 /* ComponentHeaderView.swift in Sources */,
				FCE527BC2CC6504C000FB3F7 /* ColorView.swift in Sources */,
				FC810BB72BDF9AC300220CB2 /* DealiPlaygroundViewController.swift in Sources */,
				4DA438C72DD2F3CF006F94EC /* ToastViewController.swift in Sources */,
				4D1FA9292AFC778E00AA510F /* SwitchViewController.swift in Sources */,
				39CB88632E1BAAD20014DAED /* CountStepperViewController.swift in Sources */,
				4DFE8C612BE4AF140063A15E /* TextAreaViewController.swift in Sources */,
				3990E48F2CC639C3007C2D9E /* AccordionComponentViewController.swift in Sources */,
				4DB9FA782E0038B4008430C4 /* MainViewController.swift in Sources */,
				392C389E2C4655E30088D176 /* ScrollViewBottomSheetViewController.swift in Sources */,
				39AE997A2CF47D9E007CF381 /* TabBarViewController.swift in Sources */,
				5A090EA62B21962A009EEE0B /* TagViewController.swift in Sources */,
				4D5326D52AB15FFF00A9509A /* ButtonViewController.swift in Sources */,
				39AE99782CF47D8B007CF381 /* DealiTabBarViewController.swift in Sources */,
				393D25822BEB615F00A2CC3F /* EmptyComponentViewController.swift in Sources */,
				39AE99772CF47D8B007CF381 /* DealiTabBarChildViewController.swift in Sources */,
				4DE326202CDB61CF00E67FEC /* ImageChipViewController.swift in Sources */,
				E655A8902B0CA53D00AD5E93 /* BottomSheetPopupTestViewController.swift in Sources */,
				3B92CD052D62CE96006A2057 /* AlertTestView.swift in Sources */,
			);
			runOnlyForDeploymentPostprocessing = 0;
		};
/* End PBXSourcesBuildPhase section */

/* Begin PBXVariantGroup section */
		042EA8B32A14C7D700370706 /* LaunchScreen.storyboard */ = {
			isa = PBXVariantGroup;
			children = (
				042EA8B42A14C7D700370706 /* Base */,
			);
			name = LaunchScreen.storyboard;
			sourceTree = "<group>";
		};
/* End PBXVariantGroup section */

/* Begin XCBuildConfiguration section */
		042EA8B72A14C7D700370706 /* Debug */ = {
			isa = XCBuildConfiguration;
			buildSettings = {
				ALWAYS_SEARCH_USER_PATHS = NO;
				CLANG_ANALYZER_NONNULL = YES;
				CLANG_ANALYZER_NUMBER_OBJECT_CONVERSION = YES_AGGRESSIVE;
				CLANG_CXX_LANGUAGE_STANDARD = "gnu++20";
				CLANG_ENABLE_MODULES = YES;
				CLANG_ENABLE_OBJC_ARC = YES;
				CLANG_ENABLE_OBJC_WEAK = YES;
				CLANG_WARN_BLOCK_CAPTURE_AUTORELEASING = YES;
				CLANG_WARN_BOOL_CONVERSION = YES;
				CLANG_WARN_COMMA = YES;
				CLANG_WARN_CONSTANT_CONVERSION = YES;
				CLANG_WARN_DEPRECATED_OBJC_IMPLEMENTATIONS = YES;
				CLANG_WARN_DIRECT_OBJC_ISA_USAGE = YES_ERROR;
				CLANG_WARN_DOCUMENTATION_COMMENTS = YES;
				CLANG_WARN_EMPTY_BODY = YES;
				CLANG_WARN_ENUM_CONVERSION = YES;
				CLANG_WARN_INFINITE_RECURSION = YES;
				CLANG_WARN_INT_CONVERSION = YES;
				CLANG_WARN_NON_LITERAL_NULL_CONVERSION = YES;
				CLANG_WARN_OBJC_IMPLICIT_RETAIN_SELF = YES;
				CLANG_WARN_OBJC_LITERAL_CONVERSION = YES;
				CLANG_WARN_OBJC_ROOT_CLASS = YES_ERROR;
				CLANG_WARN_QUOTED_INCLUDE_IN_FRAMEWORK_HEADER = YES;
				CLANG_WARN_RANGE_LOOP_ANALYSIS = YES;
				CLANG_WARN_STRICT_PROTOTYPES = YES;
				CLANG_WARN_SUSPICIOUS_MOVE = YES;
				CLANG_WARN_UNGUARDED_AVAILABILITY = YES_AGGRESSIVE;
				CLANG_WARN_UNREACHABLE_CODE = YES;
				CLANG_WARN__DUPLICATE_METHOD_MATCH = YES;
				COPY_PHASE_STRIP = NO;
				DEBUG_INFORMATION_FORMAT = dwarf;
				ENABLE_STRICT_OBJC_MSGSEND = YES;
				ENABLE_TESTABILITY = YES;
				ENABLE_USER_SCRIPT_SANDBOXING = YES;
				GCC_C_LANGUAGE_STANDARD = gnu11;
				GCC_DYNAMIC_NO_PIC = NO;
				GCC_NO_COMMON_BLOCKS = YES;
				GCC_OPTIMIZATION_LEVEL = 0;
				GCC_PREPROCESSOR_DEFINITIONS = (
					"DEBUG=1",
					"$(inherited)",
				);
				"GCC_PREPROCESSOR_DEFINITIONS[arch=*]" = "FLEXLAYOUT_SWIFT_PACKAGE=1";
				GCC_WARN_64_TO_32_BIT_CONVERSION = YES;
				GCC_WARN_ABOUT_RETURN_TYPE = YES_ERROR;
				GCC_WARN_UNDECLARED_SELECTOR = YES;
				GCC_WARN_UNINITIALIZED_AUTOS = YES_AGGRESSIVE;
				GCC_WARN_UNUSED_FUNCTION = YES;
				GCC_WARN_UNUSED_VARIABLE = YES;
				IPHONEOS_DEPLOYMENT_TARGET = 15.0;
				MTL_ENABLE_DEBUG_INFO = INCLUDE_SOURCE;
				MTL_FAST_MATH = YES;
				ONLY_ACTIVE_ARCH = YES;
				SDKROOT = iphoneos;
				SWIFT_ACTIVE_COMPILATION_CONDITIONS = DEBUG;
				SWIFT_OPTIMIZATION_LEVEL = "-Onone";
			};
			name = Debug;
		};
		042EA8B82A14C7D700370706 /* Release */ = {
			isa = XCBuildConfiguration;
			buildSettings = {
				ALWAYS_SEARCH_USER_PATHS = NO;
				CLANG_ANALYZER_NONNULL = YES;
				CLANG_ANALYZER_NUMBER_OBJECT_CONVERSION = YES_AGGRESSIVE;
				CLANG_CXX_LANGUAGE_STANDARD = "gnu++20";
				CLANG_ENABLE_MODULES = YES;
				CLANG_ENABLE_OBJC_ARC = YES;
				CLANG_ENABLE_OBJC_WEAK = YES;
				CLANG_WARN_BLOCK_CAPTURE_AUTORELEASING = YES;
				CLANG_WARN_BOOL_CONVERSION = YES;
				CLANG_WARN_COMMA = YES;
				CLANG_WARN_CONSTANT_CONVERSION = YES;
				CLANG_WARN_DEPRECATED_OBJC_IMPLEMENTATIONS = YES;
				CLANG_WARN_DIRECT_OBJC_ISA_USAGE = YES_ERROR;
				CLANG_WARN_DOCUMENTATION_COMMENTS = YES;
				CLANG_WARN_EMPTY_BODY = YES;
				CLANG_WARN_ENUM_CONVERSION = YES;
				CLANG_WARN_INFINITE_RECURSION = YES;
				CLANG_WARN_INT_CONVERSION = YES;
				CLANG_WARN_NON_LITERAL_NULL_CONVERSION = YES;
				CLANG_WARN_OBJC_IMPLICIT_RETAIN_SELF = YES;
				CLANG_WARN_OBJC_LITERAL_CONVERSION = YES;
				CLANG_WARN_OBJC_ROOT_CLASS = YES_ERROR;
				CLANG_WARN_QUOTED_INCLUDE_IN_FRAMEWORK_HEADER = YES;
				CLANG_WARN_RANGE_LOOP_ANALYSIS = YES;
				CLANG_WARN_STRICT_PROTOTYPES = YES;
				CLANG_WARN_SUSPICIOUS_MOVE = YES;
				CLANG_WARN_UNGUARDED_AVAILABILITY = YES_AGGRESSIVE;
				CLANG_WARN_UNREACHABLE_CODE = YES;
				CLANG_WARN__DUPLICATE_METHOD_MATCH = YES;
				COPY_PHASE_STRIP = NO;
				DEBUG_INFORMATION_FORMAT = "dwarf-with-dsym";
				ENABLE_NS_ASSERTIONS = NO;
				ENABLE_STRICT_OBJC_MSGSEND = YES;
				ENABLE_USER_SCRIPT_SANDBOXING = YES;
				GCC_C_LANGUAGE_STANDARD = gnu11;
				GCC_NO_COMMON_BLOCKS = YES;
				GCC_WARN_64_TO_32_BIT_CONVERSION = YES;
				GCC_WARN_ABOUT_RETURN_TYPE = YES_ERROR;
				GCC_WARN_UNDECLARED_SELECTOR = YES;
				GCC_WARN_UNINITIALIZED_AUTOS = YES_AGGRESSIVE;
				GCC_WARN_UNUSED_FUNCTION = YES;
				GCC_WARN_UNUSED_VARIABLE = YES;
				IPHONEOS_DEPLOYMENT_TARGET = 15.0;
				MTL_ENABLE_DEBUG_INFO = NO;
				MTL_FAST_MATH = YES;
				SDKROOT = iphoneos;
				SWIFT_COMPILATION_MODE = wholemodule;
				SWIFT_OPTIMIZATION_LEVEL = "-O";
				VALIDATE_PRODUCT = YES;
			};
			name = Release;
		};
		042EA8BA2A14C7D700370706 /* Debug */ = {
			isa = XCBuildConfiguration;
			buildSettings = {
				ASSETCATALOG_COMPILER_APPICON_NAME = AppIcon;
				ASSETCATALOG_COMPILER_GLOBAL_ACCENT_COLOR_NAME = AccentColor;
				CODE_SIGN_STYLE = Automatic;
				CURRENT_PROJECT_VERSION = 1;
				DEVELOPMENT_TEAM = 6GM235HJ3Z;
				GENERATE_INFOPLIST_FILE = YES;
				INFOPLIST_FILE = DealiDesignSystemSampleApp/Info.plist;
				INFOPLIST_KEY_CFBundleDisplayName = "디자인시스템";
				INFOPLIST_KEY_UIApplicationSupportsIndirectInputEvents = YES;
				INFOPLIST_KEY_UILaunchStoryboardName = LaunchScreen.storyboard;
				INFOPLIST_KEY_UISupportedInterfaceOrientations = "UIInterfaceOrientationLandscapeLeft UIInterfaceOrientationLandscapeRight UIInterfaceOrientationPortrait";
				IPHONEOS_DEPLOYMENT_TARGET = 16.0;
				LD_RUNPATH_SEARCH_PATHS = (
					"$(inherited)",
					"@executable_path/Frameworks",
				);
				MARKETING_VERSION = 1.2.14;
				PRODUCT_BUNDLE_IDENTIFIER = net.deali.DealiDesignSystemSampleApp;
				PRODUCT_NAME = "$(TARGET_NAME)";
				SWIFT_EMIT_LOC_STRINGS = YES;
				SWIFT_STRICT_CONCURRENCY = complete;
				SWIFT_VERSION = 5.0;
				TARGETED_DEVICE_FAMILY = "1,2";
			};
			name = Debug;
		};
		042EA8BB2A14C7D700370706 /* Release */ = {
			isa = XCBuildConfiguration;
			buildSettings = {
				ASSETCATALOG_COMPILER_APPICON_NAME = AppIcon;
				ASSETCATALOG_COMPILER_GLOBAL_ACCENT_COLOR_NAME = AccentColor;
				CODE_SIGN_STYLE = Automatic;
				CURRENT_PROJECT_VERSION = 1;
				DEVELOPMENT_TEAM = 6GM235HJ3Z;
				GENERATE_INFOPLIST_FILE = YES;
				INFOPLIST_FILE = DealiDesignSystemSampleApp/Info.plist;
				INFOPLIST_KEY_CFBundleDisplayName = "디자인시스템";
				INFOPLIST_KEY_UIApplicationSupportsIndirectInputEvents = YES;
				INFOPLIST_KEY_UILaunchStoryboardName = LaunchScreen.storyboard;
				INFOPLIST_KEY_UISupportedInterfaceOrientations = "UIInterfaceOrientationLandscapeLeft UIInterfaceOrientationLandscapeRight UIInterfaceOrientationPortrait";
				IPHONEOS_DEPLOYMENT_TARGET = 16.0;
				LD_RUNPATH_SEARCH_PATHS = (
					"$(inherited)",
					"@executable_path/Frameworks",
				);
				MARKETING_VERSION = 1.2.14;
				PRODUCT_BUNDLE_IDENTIFIER = net.deali.DealiDesignSystemSampleApp;
				PRODUCT_NAME = "$(TARGET_NAME)";
				SWIFT_EMIT_LOC_STRINGS = YES;
				SWIFT_STRICT_CONCURRENCY = complete;
				SWIFT_VERSION = 5.0;
				TARGETED_DEVICE_FAMILY = "1,2";
			};
			name = Release;
		};
/* End XCBuildConfiguration section */

/* Begin XCConfigurationList section */
		042EA8A02A14C7D500370706 /* Build configuration list for PBXProject "DealiDesignSystemSampleApp" */ = {
			isa = XCConfigurationList;
			buildConfigurations = (
				042EA8B72A14C7D700370706 /* Debug */,
				042EA8B82A14C7D700370706 /* Release */,
			);
			defaultConfigurationIsVisible = 0;
			defaultConfigurationName = Release;
		};
		042EA8B92A14C7D700370706 /* Build configuration list for PBXNativeTarget "DealiDesignSystemSampleApp" */ = {
			isa = XCConfigurationList;
			buildConfigurations = (
				042EA8BA2A14C7D700370706 /* Debug */,
				042EA8BB2A14C7D700370706 /* Release */,
			);
			defaultConfigurationIsVisible = 0;
			defaultConfigurationName = Release;
		};
/* End XCConfigurationList section */

/* Begin XCRemoteSwiftPackageReference section */
		041ABC022A174598001772F3 /* XCRemoteSwiftPackageReference "RxSwift" */ = {
			isa = XCRemoteSwiftPackageReference;
			repositoryURL = "https://github.com/ReactiveX/RxSwift";
			requirement = {
				kind = exactVersion;
				version = 6.8.0;
			};
		};
/* End XCRemoteSwiftPackageReference section */

/* Begin XCSwiftPackageProductDependency section */
		041ABC032A174598001772F3 /* RxCocoa */ = {
			isa = XCSwiftPackageProductDependency;
			package = 041ABC022A174598001772F3 /* XCRemoteSwiftPackageReference "RxSwift" */;
			productName = RxCocoa;
		};
		041ABC052A174598001772F3 /* RxRelay */ = {
			isa = XCSwiftPackageProductDependency;
			package = 041ABC022A174598001772F3 /* XCRemoteSwiftPackageReference "RxSwift" */;
			productName = RxRelay;
		};
		041ABC072A174598001772F3 /* RxSwift */ = {
			isa = XCSwiftPackageProductDependency;
			package = 041ABC022A174598001772F3 /* XCRemoteSwiftPackageReference "RxSwift" */;
			productName = RxSwift;
		};
		E6D2214A2AAEE733000A6411 /* DealiDesignKit */ = {
			isa = XCSwiftPackageProductDependency;
			productName = DealiDesignKit;
		};
		FC5D88292D2BB52C008F7133 /* DealiDesignKit */ = {
			isa = XCSwiftPackageProductDependency;
			productName = DealiDesignKit;
		};
/* End XCSwiftPackageProductDependency section */
	};
	rootObject = 042EA89D2A14C7D500370706 /* Project object */;
}
